<?xml version="1.0" encoding="utf-8"?>
<Project ToolsVersion="15.0" xmlns="http://schemas.microsoft.com/developer/msbuild/2003">
  <ItemGroup>
    <ClCompile Include="C:\kestrel\src\Camera.cpp">
      <Filter>Source Files</Filter>
    </ClCompile>
    <ClCompile Include="C:\kestrel\src\Chunk.cpp">
      <Filter>Source Files</Filter>
    </ClCompile>
    <ClCompile Include="C:\kestrel\src\Chunks.cpp">
      <Filter>Source Files</Filter>
    </ClCompile>
    <ClCompile Include="C:\kestrel\src\DirectionalLight.cpp">
      <Filter>Source Files</Filter>
    </ClCompile>
    <ClCompile Include="C:\kestrel\src\EditorCameraControl.cpp">
      <Filter>Source Files</Filter>
    </ClCompile>
    <ClCompile Include="C:\kestrel\src\Entity.cpp">
      <Filter>Source Files</Filter>
    </ClCompile>
    <ClCompile Include="C:\kestrel\src\FastNoise.cpp">
      <Filter>Source Files</Filter>
    </ClCompile>
    <ClCompile Include="C:\kestrel\src\Logger.cpp">
      <Filter>Source Files</Filter>
    </ClCompile>
    <ClCompile Include="C:\kestrel\src\Mask.cpp">
      <Filter>Source Files</Filter>
    </ClCompile>
    <ClCompile Include="C:\kestrel\src\Material.cpp">
      <Filter>Source Files</Filter>
    </ClCompile>
    <ClCompile Include="C:\kestrel\src\Mesher.cpp">
      <Filter>Source Files</Filter>
    </ClCompile>
    <ClCompile Include="C:\kestrel\src\Node.cpp">
      <Filter>Source Files</Filter>
    </ClCompile>
    <ClCompile Include="C:\kestrel\src\NoiseMap2.cpp">
      <Filter>Source Files</Filter>
    </ClCompile>
    <ClCompile Include="C:\kestrel\src\Raycast.cpp">
      <Filter>Source Files</Filter>
    </ClCompile>
    <ClCompile Include="C:\kestrel\src\Renderer.cpp">
      <Filter>Source Files</Filter>
    </ClCompile>
    <ClCompile Include="C:\kestrel\src\Runner.cpp">
      <Filter>Source Files</Filter>
    </ClCompile>
    <ClCompile Include="C:\kestrel\src\Scene.cpp">
      <Filter>Source Files</Filter>
    </ClCompile>
    <ClCompile Include="C:\kestrel\src\Terrian.cpp">
      <Filter>Source Files</Filter>
    </ClCompile>
    <ClCompile Include="C:\kestrel\src\VoxelMesh.cpp">
      <Filter>Source Files</Filter>
    </ClCompile>
    <ClCompile Include="C:\kestrel\src\main.cpp">
      <Filter>Source Files</Filter>
    </ClCompile>
    <ClCompile Include="C:\kestrel\common\shader.cpp">
      <Filter>common</Filter>
    </ClCompile>
  </ItemGroup>
  <ItemGroup>
    <ClInclude Include="C:\kestrel\src\Camera.h">
      <Filter>Header Files</Filter>
    </ClInclude>
    <ClInclude Include="C:\kestrel\src\Chunk.h">
      <Filter>Header Files</Filter>
    </ClInclude>
    <ClInclude Include="C:\kestrel\src\Chunks.h">
      <Filter>Header Files</Filter>
    </ClInclude>
    <ClInclude Include="C:\kestrel\src\DirectionalLight.h">
      <Filter>Header Files</Filter>
    </ClInclude>
    <ClInclude Include="C:\kestrel\src\EditorCameraControl.h">
      <Filter>Header Files</Filter>
    </ClInclude>
    <ClInclude Include="C:\kestrel\src\Entity.h">
      <Filter>Header Files</Filter>
    </ClInclude>
    <ClInclude Include="C:\kestrel\src\FastNoise.h">
      <Filter>Header Files</Filter>
    </ClInclude>
    <ClInclude Include="C:\kestrel\src\Logger.h">
      <Filter>Header Files</Filter>
    </ClInclude>
    <ClInclude Include="C:\kestrel\src\Mask.h">
      <Filter>Header Files</Filter>
    </ClInclude>
    <ClInclude Include="C:\kestrel\src\Material.h">
      <Filter>Header Files</Filter>
    </ClInclude>
    <ClInclude Include="C:\kestrel\src\Mesher.h">
      <Filter>Header Files</Filter>
    </ClInclude>
    <ClInclude Include="C:\kestrel\src\Node.h">
      <Filter>Header Files</Filter>
    </ClInclude>
    <ClInclude Include="C:\kestrel\src\NoiseMap2.h">
      <Filter>Header Files</Filter>
    </ClInclude>
    <ClInclude Include="C:\kestrel\src\Raycast.h">
      <Filter>Header Files</Filter>
    </ClInclude>
    <ClInclude Include="C:\kestrel\src\ReferenceCounted.h">
      <Filter>Header Files</Filter>
    </ClInclude>
    <ClInclude Include="C:\kestrel\src\Renderer.h">
      <Filter>Header Files</Filter>
    </ClInclude>
    <ClInclude Include="C:\kestrel\src\Runner.h">
      <Filter>Header Files</Filter>
    </ClInclude>
    <ClInclude Include="C:\kestrel\src\Scene.h">
      <Filter>Header Files</Filter>
    </ClInclude>
    <ClInclude Include="C:\kestrel\src\Terrian.h">
      <Filter>Header Files</Filter>
    </ClInclude>
    <ClInclude Include="C:\kestrel\src\Vertice.h">
      <Filter>Header Files</Filter>
    </ClInclude>
    <ClInclude Include="C:\kestrel\src\linalg.h">
      <Filter>Header Files</Filter>
    </ClInclude>
    <ClInclude Include="C:\kestrel\src\types.h">
      <Filter>Header Files</Filter>
    </ClInclude>
    <ClInclude Include="C:\kestrel\common\shader.hpp">
      <Filter>common</Filter>
    </ClInclude>
    <ClInclude Include="src\Mesh.h">
      <Filter>Header Files</Filter>
    </ClInclude>
  </ItemGroup>
  <ItemGroup>
    <CustomBuild Include="C:\kestrel\CMakeLists.txt" />
  </ItemGroup>
  <ItemGroup>
    <None Include="C:\kestrel\shaders\voxel.fragmentshader">
      <Filter>shaders</Filter>
    </None>
    <None Include="C:\kestrel\shaders\voxel.vertexshader">
      <Filter>shaders</Filter>
    </None>
  </ItemGroup>
  <ItemGroup>
    <Filter Include="Header Files">
      <UniqueIdentifier>{F3D98128-1D40-39A1-93B4-198AB5FA9425}</UniqueIdentifier>
    </Filter>
    <Filter Include="Source Files">
      <UniqueIdentifier>{D08100CD-907D-396B-B4E0-DC68131A90FF}</UniqueIdentifier>
    </Filter>
    <Filter Include="common">
      <UniqueIdentifier>{2E02E82D-D10D-3383-9541-31A22A6EFEAA}</UniqueIdentifier>
    </Filter>
    <Filter Include="shaders">
      <UniqueIdentifier>{CEA7EFAA-A83A-3017-BA13-7318A7FEA30D}</UniqueIdentifier>
    </Filter>
  </ItemGroup>
</Project>