<?xml version="1.0" encoding="utf-8"?>
<Project ToolsVersion="15.0" xmlns="http://schemas.microsoft.com/developer/msbuild/2003">
  <ItemGroup>
    <ClCompile Include="C:\kestrel\src\core\DirectionalLight.cpp">
      <Filter>src\core</Filter>
    </ClCompile>
    <ClCompile Include="C:\kestrel\src\core\Geometry.cpp">
      <Filter>src\core</Filter>
    </ClCompile>
    <ClCompile Include="C:\kestrel\src\core\Mesh.cpp">
      <Filter>src\core</Filter>
    </ClCompile>
    <ClCompile Include="C:\kestrel\src\core\Node.cpp">
      <Filter>src\core</Filter>
    </ClCompile>
    <ClCompile Include="C:\kestrel\src\core\Renderer.cpp">
      <Filter>src\core</Filter>
    </ClCompile>
    <ClCompile Include="C:\kestrel\src\core\Scene.cpp">
      <Filter>src\core</Filter>
    </ClCompile>
    <ClCompile Include="C:\kestrel\src\Brush.cpp">
      <Filter>src</Filter>
    </ClCompile>
    <ClCompile Include="C:\kestrel\src\Chunk.cpp">
      <Filter>src</Filter>
    </ClCompile>
    <ClCompile Include="C:\kestrel\src\Chunks.cpp">
      <Filter>src</Filter>
    </ClCompile>
    <ClCompile Include="C:\kestrel\src\Editor.cpp">
      <Filter>src</Filter>
    </ClCompile>
    <ClCompile Include="C:\kestrel\src\EditorCameraControl.cpp">
      <Filter>src</Filter>
    </ClCompile>
    <ClCompile Include="C:\kestrel\src\Entity.cpp">
      <Filter>src</Filter>
    </ClCompile>
    <ClCompile Include="C:\kestrel\src\FastNoise.cpp">
      <Filter>src</Filter>
    </ClCompile>
    <ClCompile Include="C:\kestrel\src\Field3.cpp">
      <Filter>src</Filter>
    </ClCompile>
    <ClCompile Include="C:\kestrel\src\Mask.cpp">
      <Filter>src</Filter>
    </ClCompile>
    <ClCompile Include="C:\kestrel\src\Mesher.cpp">
      <Filter>src</Filter>
    </ClCompile>
    <ClCompile Include="C:\kestrel\src\Noise.cpp">
      <Filter>src</Filter>
    </ClCompile>
    <ClCompile Include="C:\kestrel\src\Raycast.cpp">
      <Filter>src</Filter>
    </ClCompile>
    <ClCompile Include="C:\kestrel\src\Runner.cpp">
      <Filter>src</Filter>
    </ClCompile>
    <ClCompile Include="C:\kestrel\src\Terrian.cpp">
      <Filter>src</Filter>
    </ClCompile>
    <ClCompile Include="C:\kestrel\src\VoxelShadowMap.cpp">
      <Filter>src</Filter>
    </ClCompile>
    <ClCompile Include="C:\kestrel\common\shader.cpp">
      <Filter>common</Filter>
    </ClCompile>
    <ClCompile Include="C:\kestrel\external\imgui\imgui.cpp">
      <Filter>external\imgui</Filter>
    </ClCompile>
    <ClCompile Include="C:\kestrel\external\imgui\imgui_color_gradient.cpp">
      <Filter>external\imgui</Filter>
    </ClCompile>
    <ClCompile Include="C:\kestrel\external\imgui\imgui_demo.cpp">
      <Filter>external\imgui</Filter>
    </ClCompile>
    <ClCompile Include="C:\kestrel\external\imgui\imgui_draw.cpp">
      <Filter>external\imgui</Filter>
    </ClCompile>
    <ClCompile Include="C:\kestrel\external\imgui\imgui_impl_glfw_gl3.cpp">
      <Filter>external\imgui</Filter>
    </ClCompile>
    <ClCompile Include="C:\kestrel\main.cpp">
      <Filter>Source Files</Filter>
    </ClCompile>
  </ItemGroup>
  <ItemGroup>
    <ClInclude Include="C:\kestrel\src\core\AmbientLight.h">
      <Filter>src\core</Filter>
    </ClInclude>
    <ClInclude Include="C:\kestrel\src\core\Camera.h">
      <Filter>src\core</Filter>
    </ClInclude>
    <ClInclude Include="C:\kestrel\src\core\CopyPass.h">
      <Filter>src\core</Filter>
    </ClInclude>
    <ClInclude Include="C:\kestrel\src\core\DirectionalLight.h">
      <Filter>src\core</Filter>
    </ClInclude>
    <ClInclude Include="C:\kestrel\src\core\EffectComposer.h">
      <Filter>src\core</Filter>
    </ClInclude>
    <ClInclude Include="C:\kestrel\src\core\Geometry.h">
      <Filter>src\core</Filter>
    </ClInclude>
    <ClInclude Include="C:\kestrel\src\core\Material.h">
      <Filter>src\core</Filter>
    </ClInclude>
    <ClInclude Include="C:\kestrel\src\core\Mesh.h">
      <Filter>src\core</Filter>
    </ClInclude>
    <ClInclude Include="C:\kestrel\src\core\Node.h">
      <Filter>src\core</Filter>
    </ClInclude>
    <ClInclude Include="C:\kestrel\src\core\Pass.h">
      <Filter>src\core</Filter>
    </ClInclude>
    <ClInclude Include="C:\kestrel\src\core\RenderPass.h">
      <Filter>src\core</Filter>
    </ClInclude>
    <ClInclude Include="C:\kestrel\src\core\RenderTarget.h">
      <Filter>src\core</Filter>
    </ClInclude>
    <ClInclude Include="C:\kestrel\src\core\Renderer.h">
      <Filter>src\core</Filter>
    </ClInclude>
    <ClInclude Include="C:\kestrel\src\core\Scene.h">
      <Filter>src\core</Filter>
    </ClInclude>
    <ClInclude Include="C:\kestrel\src\core\ShaderLoader.h">
      <Filter>src\core</Filter>
    </ClInclude>
    <ClInclude Include="C:\kestrel\src\core\ShadowMapPass.h">
      <Filter>src\core</Filter>
    </ClInclude>
    <ClInclude Include="C:\kestrel\src\core\StandardGeometry.h">
      <Filter>src\core</Filter>
    </ClInclude>
    <ClInclude Include="C:\kestrel\src\core\StandardMaterial.h">
      <Filter>src\core</Filter>
    </ClInclude>
    <ClInclude Include="C:\kestrel\src\Brush.h">
      <Filter>src</Filter>
    </ClInclude>
    <ClInclude Include="C:\kestrel\src\Chunk.h">
      <Filter>src</Filter>
    </ClInclude>
    <ClInclude Include="C:\kestrel\src\Chunks.h">
      <Filter>src</Filter>
    </ClInclude>
    <ClInclude Include="C:\kestrel\src\Dispatcher.h">
      <Filter>src</Filter>
    </ClInclude>
    <ClInclude Include="C:\kestrel\src\Editor.h">
      <Filter>src</Filter>
    </ClInclude>
    <ClInclude Include="C:\kestrel\src\EditorCameraControl.h">
      <Filter>src</Filter>
    </ClInclude>
    <ClInclude Include="C:\kestrel\src\Entity.h">
      <Filter>src</Filter>
    </ClInclude>
    <ClInclude Include="C:\kestrel\src\FastNoise.h">
      <Filter>src</Filter>
    </ClInclude>
    <ClInclude Include="C:\kestrel\src\Field3.h">
      <Filter>src</Filter>
    </ClInclude>
    <ClInclude Include="C:\kestrel\src\MarchingCube.h">
      <Filter>src</Filter>
    </ClInclude>
    <ClInclude Include="C:\kestrel\src\Mask.h">
      <Filter>src</Filter>
    </ClInclude>
    <ClInclude Include="C:\kestrel\src\Mesher.h">
      <Filter>src</Filter>
    </ClInclude>
    <ClInclude Include="C:\kestrel\src\Noise.h">
      <Filter>src</Filter>
    </ClInclude>
    <ClInclude Include="C:\kestrel\src\Raycast.h">
      <Filter>src</Filter>
    </ClInclude>
    <ClInclude Include="C:\kestrel\src\Runner.h">
      <Filter>src</Filter>
    </ClInclude>
    <ClInclude Include="C:\kestrel\src\Terrian.h">
      <Filter>src</Filter>
    </ClInclude>
    <ClInclude Include="C:\kestrel\src\Terrian2.h">
      <Filter>src</Filter>
    </ClInclude>
    <ClInclude Include="C:\kestrel\src\VoxelGeometry.h">
      <Filter>src</Filter>
    </ClInclude>
    <ClInclude Include="C:\kestrel\src\VoxelMaterial.h">
      <Filter>src</Filter>
    </ClInclude>
    <ClInclude Include="C:\kestrel\src\VoxelShadowMap.h">
      <Filter>src</Filter>
    </ClInclude>
    <ClInclude Include="C:\kestrel\src\Worker.h">
      <Filter>src</Filter>
    </ClInclude>
    <ClInclude Include="C:\kestrel\src\linalg.h">
      <Filter>src</Filter>
    </ClInclude>
    <ClInclude Include="C:\kestrel\src\types.h">
      <Filter>src</Filter>
    </ClInclude>
    <ClInclude Include="C:\kestrel\common\shader.hpp">
      <Filter>common</Filter>
    </ClInclude>
    <ClInclude Include="C:\kestrel\external\imgui\imconfig.h">
      <Filter>external\imgui</Filter>
    </ClInclude>
    <ClInclude Include="C:\kestrel\external\imgui\imgui.h">
      <Filter>external\imgui</Filter>
    </ClInclude>
    <ClInclude Include="C:\kestrel\external\imgui\imgui_color_gradient.h">
      <Filter>external\imgui</Filter>
    </ClInclude>
    <ClInclude Include="C:\kestrel\external\imgui\imgui_impl_glfw_gl3.h">
      <Filter>external\imgui</Filter>
    </ClInclude>
    <ClInclude Include="C:\kestrel\external\imgui\imgui_internal.h">
      <Filter>external\imgui</Filter>
    </ClInclude>
    <ClInclude Include="C:\kestrel\external\imgui\stb_rect_pack.h">
      <Filter>external\imgui</Filter>
    </ClInclude>
    <ClInclude Include="C:\kestrel\external\imgui\stb_textedit.h">
      <Filter>external\imgui</Filter>
    </ClInclude>
    <ClInclude Include="C:\kestrel\external\imgui\stb_truetype.h">
      <Filter>external\imgui</Filter>
    </ClInclude>
    <ClInclude Include="src\core\Shader.h">
      <Filter>src\core</Filter>
    </ClInclude>
    <ClInclude Include="src\core\ShaderMaterial.h">
      <Filter>src\core</Filter>
    </ClInclude>
    <ClInclude Include="src\core\DepthShader.h">
      <Filter>src\core</Filter>
    </ClInclude>
    <ClInclude Include="src\core\ShadowMap.h">
      <Filter>src\core</Filter>
    </ClInclude>
    <ClInclude Include="FrameBuffer.h">
      <Filter>src\core</Filter>
    </ClInclude>
    <ClInclude Include="src\core\Texture.h">
      <Filter>src\core</Filter>
    </ClInclude>
  </ItemGroup>
  <ItemGroup>
    <CustomBuild Include="C:\kestrel\CMakeLists.txt" />
  </ItemGroup>
  <ItemGroup>
    <None Include="C:\kestrel\shaders\copy.fragmentshader">
      <Filter>shaders</Filter>
    </None>
    <None Include="C:\kestrel\shaders\copy.vertexshader">
      <Filter>shaders</Filter>
    </None>
    <None Include="C:\kestrel\shaders\depth.fragmentshader">
      <Filter>shaders</Filter>
    </None>
    <None Include="C:\kestrel\shaders\depth.vertexshader">
      <Filter>shaders</Filter>
    </None>
    <None Include="C:\kestrel\shaders\standard.fragmentshader">
      <Filter>shaders</Filter>
    </None>
    <None Include="C:\kestrel\shaders\standard.vertexshader">
      <Filter>shaders</Filter>
    </None>
    <None Include="C:\kestrel\shaders\voxel.fragmentshader">
      <Filter>shaders</Filter>
    </None>
    <None Include="C:\kestrel\shaders\voxel.vertexshader">
      <Filter>shaders</Filter>
    </None>
  </ItemGroup>
  <ItemGroup>
    <Filter Include="Source Files">
      <UniqueIdentifier>{D08100CD-907D-396B-B4E0-DC68131A90FF}</UniqueIdentifier>
    </Filter>
    <Filter Include="common">
      <UniqueIdentifier>{2E02E82D-D10D-3383-9541-31A22A6EFEAA}</UniqueIdentifier>
    </Filter>
    <Filter Include="external">
      <UniqueIdentifier>{CCE28236-860F-38F4-B1FF-17C1EAFF6901}</UniqueIdentifier>
    </Filter>
    <Filter Include="external\imgui">
      <UniqueIdentifier>{AB78A127-BD88-351C-B887-BD1B214719AF}</UniqueIdentifier>
    </Filter>
    <Filter Include="shaders">
      <UniqueIdentifier>{CEA7EFAA-A83A-3017-BA13-7318A7FEA30D}</UniqueIdentifier>
    </Filter>
    <Filter Include="src">
      <UniqueIdentifier>{0F2C0649-6DA6-3C02-B0F4-52BF92612CCF}</UniqueIdentifier>
    </Filter>
    <Filter Include="src\core">
      <UniqueIdentifier>{CF474511-E65B-3A34-98E9-FA2D9B9D229B}</UniqueIdentifier>
    </Filter>
  </ItemGroup>
</Project>