Microsoft Visual Studio Solution File, Format Version 12.00
# Visual Studio 15
Project("{2150E333-8FDC-42A3-9474-1A3956D46DE8}") = "CMakePredefinedTargets", "CMakePredefinedTargets", "{042C9C7C-ADEA-3D69-987D-FEA1B43A2772}"
EndProject
Project("{2150E333-8FDC-42A3-9474-1A3956D46DE8}") = "GLFW3", "GLFW3", "{C9829106-E77B-31DE-B23E-E4D6D9E95B47}"
EndProject
Project("{2150E333-8FDC-42A3-9474-1A3956D46DE8}") = "Examples", "GLFW3\Examples", "{22401C28-E3E0-3758-875A-DF331DD63CEE}"
EndProject
Project("{2150E333-8FDC-42A3-9474-1A3956D46DE8}") = "Tests", "GLFW3\Tests", "{C4E5A65A-E056-3A9D-90EE-A7A06A6A1B21}"
EndProject
Project("{8BC9CEB8-8B4A-11D0-8D11-00A0C91BC942}") = "ALL_BUILD", "ALL_BUILD.vcxproj", "{31AD018A-EDAF-3C61-BC52-564FB983732D}"
	ProjectSection(ProjectDependencies) = postProject
		{83EAD5EE-A1DF-3D71-8F05-DD076C524071} = {83EAD5EE-A1DF-3D71-8F05-DD076C524071}
		{6E829241-1421-3D92-A7FA-24FAA065D1A2} = {6E829241-1421-3D92-A7FA-24FAA065D1A2}
		{D1A580FF-20B5-3D02-9491-2A04EE42D29D} = {D1A580FF-20B5-3D02-9491-2A04EE42D29D}
		{7A57F1EA-829B-31E6-B17E-2317B0A7A810} = {7A57F1EA-829B-31E6-B17E-2317B0A7A810}
		{CE420558-50D1-36C2-BE5B-FB234E048F28} = {CE420558-50D1-36C2-BE5B-FB234E048F28}
		{08B9B614-A375-30DE-9554-FFF8FC1EFA70} = {08B9B614-A375-30DE-9554-FFF8FC1EFA70}
		{D2B74FD7-433E-37EB-8F60-6D6934A14EA0} = {D2B74FD7-433E-37EB-8F60-6D6934A14EA0}
		{ED47F33A-4F4B-35D0-A2FA-1D81A398D94F} = {ED47F33A-4F4B-35D0-A2FA-1D81A398D94F}
		{2462C790-4453-3F9E-BB31-5793D4EE6B13} = {2462C790-4453-3F9E-BB31-5793D4EE6B13}
		{DC9246D7-C5E9-3533-A4A6-AB761BFDDDCD} = {DC9246D7-C5E9-3533-A4A6-AB761BFDDDCD}
		{7896327E-F6B5-3DC0-9EB3-CFAD02795FE9} = {7896327E-F6B5-3DC0-9EB3-CFAD02795FE9}
		{8DD81748-C514-302F-B58D-AB660F910FFA} = {8DD81748-C514-302F-B58D-AB660F910FFA}
		{134CB4C5-9806-3CFE-8CE6-F717617998A4} = {134CB4C5-9806-3CFE-8CE6-F717617998A4}
		{24ED3478-D8D6-3496-8D2C-358122EF8761} = {24ED3478-D8D6-3496-8D2C-358122EF8761}
		{2D3858FE-391C-3ADF-AC12-E5E834A2E904} = {2D3858FE-391C-3ADF-AC12-E5E834A2E904}
		{564D3140-72AD-3602-AF50-1368B56983F6} = {564D3140-72AD-3602-AF50-1368B56983F6}
		{F67E73A7-EEE7-31C0-89DB-9937197A47FD} = {F67E73A7-EEE7-31C0-89DB-9937197A47FD}
		{5FF8280E-FC26-3E4F-ABD9-52FA2716F6B4} = {5FF8280E-FC26-3E4F-ABD9-52FA2716F6B4}
		{3140F181-488D-3F70-A474-D410C772F524} = {3140F181-488D-3F70-A474-D410C772F524}
		{3E570CD5-7810-35B9-B3F7-7803FAA24D91} = {3E570CD5-7810-35B9-B3F7-7803FAA24D91}
		{99420EAD-83AC-3581-BED0-0CE78E444DB1} = {99420EAD-83AC-3581-BED0-0CE78E444DB1}
		{C4E28DC4-C2AA-390B-812D-B71487430AC2} = {C4E28DC4-C2AA-390B-812D-B71487430AC2}
		{967041A0-0E48-3A87-90D4-89C86D013FED} = {967041A0-0E48-3A87-90D4-89C86D013FED}
		{306780B4-2E4F-3CCA-AB26-80439BF27F03} = {306780B4-2E4F-3CCA-AB26-80439BF27F03}
		{6BD3A033-574E-3553-B506-73D3791A53AD} = {6BD3A033-574E-3553-B506-73D3791A53AD}
		{F2AA965C-C6CD-3476-8F5F-B58BDF12B3F2} = {F2AA965C-C6CD-3476-8F5F-B58BDF12B3F2}
		{C949C80E-B25B-3727-BA6B-2DC9FD3A6460} = {C949C80E-B25B-3727-BA6B-2DC9FD3A6460}
		{4D525B13-E102-3B07-B73D-1E1DEE66C778} = {4D525B13-E102-3B07-B73D-1E1DEE66C778}
		{C165BE17-E7EA-360F-B35E-ED8AD8C5CC59} = {C165BE17-E7EA-360F-B35E-ED8AD8C5CC59}
		{3C2E98AB-A058-30F3-B9F2-5FDE21F1FDA5} = {3C2E98AB-A058-30F3-B9F2-5FDE21F1FDA5}
		{0B4864A4-AD3C-3B36-B5D0-BBD3F0DAA2FD} = {0B4864A4-AD3C-3B36-B5D0-BBD3F0DAA2FD}
		{1A70F0CB-976D-3CC4-8E91-1590CE503C95} = {1A70F0CB-976D-3CC4-8E91-1590CE503C95}
		{B2E8C2CE-8639-33D0-91DC-E183DC5EB054} = {B2E8C2CE-8639-33D0-91DC-E183DC5EB054}
		{3F43E44B-81D7-3489-97DF-0641B58DF602} = {3F43E44B-81D7-3489-97DF-0641B58DF602}
		{94B8C484-7A10-3A51-B4DF-D40DF553509A} = {94B8C484-7A10-3A51-B4DF-D40DF553509A}
	EndProjectSection
EndProject
Project("{8BC9CEB8-8B4A-11D0-8D11-00A0C91BC942}") = "ANTTWEAKBAR_116_OGLCORE_GLFW", "external\ANTTWEAKBAR_116_OGLCORE_GLFW.vcxproj", "{83EAD5EE-A1DF-3D71-8F05-DD076C524071}"
	ProjectSection(ProjectDependencies) = postProject
		{D2B74FD7-433E-37EB-8F60-6D6934A14EA0} = {D2B74FD7-433E-37EB-8F60-6D6934A14EA0}
	EndProjectSection
EndProject
Project("{8BC9CEB8-8B4A-11D0-8D11-00A0C91BC942}") = "BulletCollision", "external\bullet-2.81-rev2613\src\BulletCollision\BulletCollision.vcxproj", "{6E829241-1421-3D92-A7FA-24FAA065D1A2}"
	ProjectSection(ProjectDependencies) = postProject
		{D2B74FD7-433E-37EB-8F60-6D6934A14EA0} = {D2B74FD7-433E-37EB-8F60-6D6934A14EA0}
	EndProjectSection
EndProject
Project("{8BC9CEB8-8B4A-11D0-8D11-00A0C91BC942}") = "BulletDynamics", "external\bullet-2.81-rev2613\src\BulletDynamics\BulletDynamics.vcxproj", "{D1A580FF-20B5-3D02-9491-2A04EE42D29D}"
	ProjectSection(ProjectDependencies) = postProject
		{D2B74FD7-433E-37EB-8F60-6D6934A14EA0} = {D2B74FD7-433E-37EB-8F60-6D6934A14EA0}
	EndProjectSection
EndProject
Project("{8BC9CEB8-8B4A-11D0-8D11-00A0C91BC942}") = "BulletSoftBody", "external\bullet-2.81-rev2613\src\BulletSoftBody\BulletSoftBody.vcxproj", "{7A57F1EA-829B-31E6-B17E-2317B0A7A810}"
	ProjectSection(ProjectDependencies) = postProject
		{D2B74FD7-433E-37EB-8F60-6D6934A14EA0} = {D2B74FD7-433E-37EB-8F60-6D6934A14EA0}
	EndProjectSection
EndProject
Project("{8BC9CEB8-8B4A-11D0-8D11-00A0C91BC942}") = "GLEW_1130", "external\GLEW_1130.vcxproj", "{CE420558-50D1-36C2-BE5B-FB234E048F28}"
	ProjectSection(ProjectDependencies) = postProject
		{D2B74FD7-433E-37EB-8F60-6D6934A14EA0} = {D2B74FD7-433E-37EB-8F60-6D6934A14EA0}
	EndProjectSection
EndProject
Project("{8BC9CEB8-8B4A-11D0-8D11-00A0C91BC942}") = "INSTALL", "INSTALL.vcxproj", "{A8013CD0-10BB-3611-92C2-BF0764B93501}"
	ProjectSection(ProjectDependencies) = postProject
		{31AD018A-EDAF-3C61-BC52-564FB983732D} = {31AD018A-EDAF-3C61-BC52-564FB983732D}
		{D2B74FD7-433E-37EB-8F60-6D6934A14EA0} = {D2B74FD7-433E-37EB-8F60-6D6934A14EA0}
	EndProjectSection
EndProject
Project("{8BC9CEB8-8B4A-11D0-8D11-00A0C91BC942}") = "LinearMath", "external\bullet-2.81-rev2613\src\LinearMath\LinearMath.vcxproj", "{08B9B614-A375-30DE-9554-FFF8FC1EFA70}"
	ProjectSection(ProjectDependencies) = postProject
		{D2B74FD7-433E-37EB-8F60-6D6934A14EA0} = {D2B74FD7-433E-37EB-8F60-6D6934A14EA0}
	EndProjectSection
EndProject
Project("{8BC9CEB8-8B4A-11D0-8D11-00A0C91BC942}") = "RUN_TESTS", "RUN_TESTS.vcxproj", "{707B9877-C111-3DB2-A706-8DDEF23E40BC}"
	ProjectSection(ProjectDependencies) = postProject
		{D2B74FD7-433E-37EB-8F60-6D6934A14EA0} = {D2B74FD7-433E-37EB-8F60-6D6934A14EA0}
	EndProjectSection
EndProject
Project("{8BC9CEB8-8B4A-11D0-8D11-00A0C91BC942}") = "ZERO_CHECK", "ZERO_CHECK.vcxproj", "{D2B74FD7-433E-37EB-8F60-6D6934A14EA0}"
	ProjectSection(ProjectDependencies) = postProject
	EndProjectSection
EndProject
Project("{8BC9CEB8-8B4A-11D0-8D11-00A0C91BC942}") = "assimp", "external\assimp-3.0.1270\code\assimp.vcxproj", "{ED47F33A-4F4B-35D0-A2FA-1D81A398D94F}"
	ProjectSection(ProjectDependencies) = postProject
		{D2B74FD7-433E-37EB-8F60-6D6934A14EA0} = {D2B74FD7-433E-37EB-8F60-6D6934A14EA0}
		{94B8C484-7A10-3A51-B4DF-D40DF553509A} = {94B8C484-7A10-3A51-B4DF-D40DF553509A}
	EndProjectSection
EndProject
Project("{8BC9CEB8-8B4A-11D0-8D11-00A0C91BC942}") = "boing", "external\glfw-3.1.2\examples\boing.vcxproj", "{2462C790-4453-3F9E-BB31-5793D4EE6B13}"
	ProjectSection(ProjectDependencies) = postProject
		{D2B74FD7-433E-37EB-8F60-6D6934A14EA0} = {D2B74FD7-433E-37EB-8F60-6D6934A14EA0}
		{564D3140-72AD-3602-AF50-1368B56983F6} = {564D3140-72AD-3602-AF50-1368B56983F6}
	EndProjectSection
EndProject
Project("{8BC9CEB8-8B4A-11D0-8D11-00A0C91BC942}") = "clipboard", "external\glfw-3.1.2\tests\clipboard.vcxproj", "{DC9246D7-C5E9-3533-A4A6-AB761BFDDDCD}"
	ProjectSection(ProjectDependencies) = postProject
		{D2B74FD7-433E-37EB-8F60-6D6934A14EA0} = {D2B74FD7-433E-37EB-8F60-6D6934A14EA0}
		{564D3140-72AD-3602-AF50-1368B56983F6} = {564D3140-72AD-3602-AF50-1368B56983F6}
	EndProjectSection
EndProject
Project("{8BC9CEB8-8B4A-11D0-8D11-00A0C91BC942}") = "cursor", "external\glfw-3.1.2\tests\cursor.vcxproj", "{7896327E-F6B5-3DC0-9EB3-CFAD02795FE9}"
	ProjectSection(ProjectDependencies) = postProject
		{D2B74FD7-433E-37EB-8F60-6D6934A14EA0} = {D2B74FD7-433E-37EB-8F60-6D6934A14EA0}
		{564D3140-72AD-3602-AF50-1368B56983F6} = {564D3140-72AD-3602-AF50-1368B56983F6}
	EndProjectSection
EndProject
Project("{8BC9CEB8-8B4A-11D0-8D11-00A0C91BC942}") = "empty", "external\glfw-3.1.2\tests\empty.vcxproj", "{8DD81748-C514-302F-B58D-AB660F910FFA}"
	ProjectSection(ProjectDependencies) = postProject
		{D2B74FD7-433E-37EB-8F60-6D6934A14EA0} = {D2B74FD7-433E-37EB-8F60-6D6934A14EA0}
		{564D3140-72AD-3602-AF50-1368B56983F6} = {564D3140-72AD-3602-AF50-1368B56983F6}
	EndProjectSection
EndProject
Project("{8BC9CEB8-8B4A-11D0-8D11-00A0C91BC942}") = "events", "external\glfw-3.1.2\tests\events.vcxproj", "{134CB4C5-9806-3CFE-8CE6-F717617998A4}"
	ProjectSection(ProjectDependencies) = postProject
		{D2B74FD7-433E-37EB-8F60-6D6934A14EA0} = {D2B74FD7-433E-37EB-8F60-6D6934A14EA0}
		{564D3140-72AD-3602-AF50-1368B56983F6} = {564D3140-72AD-3602-AF50-1368B56983F6}
	EndProjectSection
EndProject
Project("{8BC9CEB8-8B4A-11D0-8D11-00A0C91BC942}") = "gamma", "external\glfw-3.1.2\tests\gamma.vcxproj", "{24ED3478-D8D6-3496-8D2C-358122EF8761}"
	ProjectSection(ProjectDependencies) = postProject
		{D2B74FD7-433E-37EB-8F60-6D6934A14EA0} = {D2B74FD7-433E-37EB-8F60-6D6934A14EA0}
		{564D3140-72AD-3602-AF50-1368B56983F6} = {564D3140-72AD-3602-AF50-1368B56983F6}
	EndProjectSection
EndProject
Project("{8BC9CEB8-8B4A-11D0-8D11-00A0C91BC942}") = "gears", "external\glfw-3.1.2\examples\gears.vcxproj", "{2D3858FE-391C-3ADF-AC12-E5E834A2E904}"
	ProjectSection(ProjectDependencies) = postProject
		{D2B74FD7-433E-37EB-8F60-6D6934A14EA0} = {D2B74FD7-433E-37EB-8F60-6D6934A14EA0}
		{564D3140-72AD-3602-AF50-1368B56983F6} = {564D3140-72AD-3602-AF50-1368B56983F6}
	EndProjectSection
EndProject
Project("{8BC9CEB8-8B4A-11D0-8D11-00A0C91BC942}") = "glfw", "external\glfw-3.1.2\src\glfw.vcxproj", "{564D3140-72AD-3602-AF50-1368B56983F6}"
	ProjectSection(ProjectDependencies) = postProject
		{D2B74FD7-433E-37EB-8F60-6D6934A14EA0} = {D2B74FD7-433E-37EB-8F60-6D6934A14EA0}
	EndProjectSection
EndProject
Project("{8BC9CEB8-8B4A-11D0-8D11-00A0C91BC942}") = "glfwinfo", "external\glfw-3.1.2\tests\glfwinfo.vcxproj", "{F67E73A7-EEE7-31C0-89DB-9937197A47FD}"
	ProjectSection(ProjectDependencies) = postProject
		{D2B74FD7-433E-37EB-8F60-6D6934A14EA0} = {D2B74FD7-433E-37EB-8F60-6D6934A14EA0}
		{564D3140-72AD-3602-AF50-1368B56983F6} = {564D3140-72AD-3602-AF50-1368B56983F6}
	EndProjectSection
EndProject
Project("{8BC9CEB8-8B4A-11D0-8D11-00A0C91BC942}") = "gtest", "googletest-build\googlemock\gtest\gtest.vcxproj", "{0E6EB13C-8E3D-328A-9290-1C175CE22547}"
	ProjectSection(ProjectDependencies) = postProject
		{D2B74FD7-433E-37EB-8F60-6D6934A14EA0} = {D2B74FD7-433E-37EB-8F60-6D6934A14EA0}
	EndProjectSection
EndProject
Project("{8BC9CEB8-8B4A-11D0-8D11-00A0C91BC942}") = "gtest_main", "googletest-build\googlemock\gtest\gtest_main.vcxproj", "{3E8CADE6-1ED4-37BE-8417-84BF11BD8728}"
	ProjectSection(ProjectDependencies) = postProject
		{D2B74FD7-433E-37EB-8F60-6D6934A14EA0} = {D2B74FD7-433E-37EB-8F60-6D6934A14EA0}
		{0E6EB13C-8E3D-328A-9290-1C175CE22547} = {0E6EB13C-8E3D-328A-9290-1C175CE22547}
	EndProjectSection
EndProject
Project("{8BC9CEB8-8B4A-11D0-8D11-00A0C91BC942}") = "heightmap", "external\glfw-3.1.2\examples\heightmap.vcxproj", "{5FF8280E-FC26-3E4F-ABD9-52FA2716F6B4}"
	ProjectSection(ProjectDependencies) = postProject
		{D2B74FD7-433E-37EB-8F60-6D6934A14EA0} = {D2B74FD7-433E-37EB-8F60-6D6934A14EA0}
		{564D3140-72AD-3602-AF50-1368B56983F6} = {564D3140-72AD-3602-AF50-1368B56983F6}
	EndProjectSection
EndProject
Project("{8BC9CEB8-8B4A-11D0-8D11-00A0C91BC942}") = "iconify", "external\glfw-3.1.2\tests\iconify.vcxproj", "{3140F181-488D-3F70-A474-D410C772F524}"
	ProjectSection(ProjectDependencies) = postProject
		{D2B74FD7-433E-37EB-8F60-6D6934A14EA0} = {D2B74FD7-433E-37EB-8F60-6D6934A14EA0}
		{564D3140-72AD-3602-AF50-1368B56983F6} = {564D3140-72AD-3602-AF50-1368B56983F6}
	EndProjectSection
EndProject
Project("{8BC9CEB8-8B4A-11D0-8D11-00A0C91BC942}") = "joysticks", "external\glfw-3.1.2\tests\joysticks.vcxproj", "{3E570CD5-7810-35B9-B3F7-7803FAA24D91}"
	ProjectSection(ProjectDependencies) = postProject
		{D2B74FD7-433E-37EB-8F60-6D6934A14EA0} = {D2B74FD7-433E-37EB-8F60-6D6934A14EA0}
		{564D3140-72AD-3602-AF50-1368B56983F6} = {564D3140-72AD-3602-AF50-1368B56983F6}
	EndProjectSection
EndProject
Project("{8BC9CEB8-8B4A-11D0-8D11-00A0C91BC942}") = "kestrel", "kestrel.vcxproj", "{99420EAD-83AC-3581-BED0-0CE78E444DB1}"
	ProjectSection(ProjectDependencies) = postProject
		{CE420558-50D1-36C2-BE5B-FB234E048F28} = {CE420558-50D1-36C2-BE5B-FB234E048F28}
		{D2B74FD7-433E-37EB-8F60-6D6934A14EA0} = {D2B74FD7-433E-37EB-8F60-6D6934A14EA0}
		{564D3140-72AD-3602-AF50-1368B56983F6} = {564D3140-72AD-3602-AF50-1368B56983F6}
	EndProjectSection
EndProject
Project("{8BC9CEB8-8B4A-11D0-8D11-00A0C91BC942}") = "kestrel-tests", "kestrel-tests.vcxproj", "{C4E28DC4-C2AA-390B-812D-B71487430AC2}"
	ProjectSection(ProjectDependencies) = postProject
		{CE420558-50D1-36C2-BE5B-FB234E048F28} = {CE420558-50D1-36C2-BE5B-FB234E048F28}
		{D2B74FD7-433E-37EB-8F60-6D6934A14EA0} = {D2B74FD7-433E-37EB-8F60-6D6934A14EA0}
		{564D3140-72AD-3602-AF50-1368B56983F6} = {564D3140-72AD-3602-AF50-1368B56983F6}
		{0E6EB13C-8E3D-328A-9290-1C175CE22547} = {0E6EB13C-8E3D-328A-9290-1C175CE22547}
		{3E8CADE6-1ED4-37BE-8417-84BF11BD8728} = {3E8CADE6-1ED4-37BE-8417-84BF11BD8728}
	EndProjectSection
EndProject
Project("{8BC9CEB8-8B4A-11D0-8D11-00A0C91BC942}") = "monitors", "external\glfw-3.1.2\tests\monitors.vcxproj", "{967041A0-0E48-3A87-90D4-89C86D013FED}"
	ProjectSection(ProjectDependencies) = postProject
		{D2B74FD7-433E-37EB-8F60-6D6934A14EA0} = {D2B74FD7-433E-37EB-8F60-6D6934A14EA0}
		{564D3140-72AD-3602-AF50-1368B56983F6} = {564D3140-72AD-3602-AF50-1368B56983F6}
	EndProjectSection
EndProject
Project("{8BC9CEB8-8B4A-11D0-8D11-00A0C91BC942}") = "msaa", "external\glfw-3.1.2\tests\msaa.vcxproj", "{306780B4-2E4F-3CCA-AB26-80439BF27F03}"
	ProjectSection(ProjectDependencies) = postProject
		{D2B74FD7-433E-37EB-8F60-6D6934A14EA0} = {D2B74FD7-433E-37EB-8F60-6D6934A14EA0}
		{564D3140-72AD-3602-AF50-1368B56983F6} = {564D3140-72AD-3602-AF50-1368B56983F6}
	EndProjectSection
EndProject
Project("{8BC9CEB8-8B4A-11D0-8D11-00A0C91BC942}") = "particles", "external\glfw-3.1.2\examples\particles.vcxproj", "{6BD3A033-574E-3553-B506-73D3791A53AD}"
	ProjectSection(ProjectDependencies) = postProject
		{D2B74FD7-433E-37EB-8F60-6D6934A14EA0} = {D2B74FD7-433E-37EB-8F60-6D6934A14EA0}
		{564D3140-72AD-3602-AF50-1368B56983F6} = {564D3140-72AD-3602-AF50-1368B56983F6}
	EndProjectSection
EndProject
Project("{8BC9CEB8-8B4A-11D0-8D11-00A0C91BC942}") = "reopen", "external\glfw-3.1.2\tests\reopen.vcxproj", "{F2AA965C-C6CD-3476-8F5F-B58BDF12B3F2}"
	ProjectSection(ProjectDependencies) = postProject
		{D2B74FD7-433E-37EB-8F60-6D6934A14EA0} = {D2B74FD7-433E-37EB-8F60-6D6934A14EA0}
		{564D3140-72AD-3602-AF50-1368B56983F6} = {564D3140-72AD-3602-AF50-1368B56983F6}
	EndProjectSection
EndProject
Project("{8BC9CEB8-8B4A-11D0-8D11-00A0C91BC942}") = "sharing", "external\glfw-3.1.2\tests\sharing.vcxproj", "{C949C80E-B25B-3727-BA6B-2DC9FD3A6460}"
	ProjectSection(ProjectDependencies) = postProject
		{D2B74FD7-433E-37EB-8F60-6D6934A14EA0} = {D2B74FD7-433E-37EB-8F60-6D6934A14EA0}
		{564D3140-72AD-3602-AF50-1368B56983F6} = {564D3140-72AD-3602-AF50-1368B56983F6}
	EndProjectSection
EndProject
Project("{8BC9CEB8-8B4A-11D0-8D11-00A0C91BC942}") = "simple", "external\glfw-3.1.2\examples\simple.vcxproj", "{4D525B13-E102-3B07-B73D-1E1DEE66C778}"
	ProjectSection(ProjectDependencies) = postProject
		{D2B74FD7-433E-37EB-8F60-6D6934A14EA0} = {D2B74FD7-433E-37EB-8F60-6D6934A14EA0}
		{564D3140-72AD-3602-AF50-1368B56983F6} = {564D3140-72AD-3602-AF50-1368B56983F6}
	EndProjectSection
EndProject
Project("{8BC9CEB8-8B4A-11D0-8D11-00A0C91BC942}") = "splitview", "external\glfw-3.1.2\examples\splitview.vcxproj", "{C165BE17-E7EA-360F-B35E-ED8AD8C5CC59}"
	ProjectSection(ProjectDependencies) = postProject
		{D2B74FD7-433E-37EB-8F60-6D6934A14EA0} = {D2B74FD7-433E-37EB-8F60-6D6934A14EA0}
		{564D3140-72AD-3602-AF50-1368B56983F6} = {564D3140-72AD-3602-AF50-1368B56983F6}
	EndProjectSection
EndProject
Project("{8BC9CEB8-8B4A-11D0-8D11-00A0C91BC942}") = "tearing", "external\glfw-3.1.2\tests\tearing.vcxproj", "{3C2E98AB-A058-30F3-B9F2-5FDE21F1FDA5}"
	ProjectSection(ProjectDependencies) = postProject
		{D2B74FD7-433E-37EB-8F60-6D6934A14EA0} = {D2B74FD7-433E-37EB-8F60-6D6934A14EA0}
		{564D3140-72AD-3602-AF50-1368B56983F6} = {564D3140-72AD-3602-AF50-1368B56983F6}
	EndProjectSection
EndProject
Project("{8BC9CEB8-8B4A-11D0-8D11-00A0C91BC942}") = "threads", "external\glfw-3.1.2\tests\threads.vcxproj", "{0B4864A4-AD3C-3B36-B5D0-BBD3F0DAA2FD}"
	ProjectSection(ProjectDependencies) = postProject
		{D2B74FD7-433E-37EB-8F60-6D6934A14EA0} = {D2B74FD7-433E-37EB-8F60-6D6934A14EA0}
		{564D3140-72AD-3602-AF50-1368B56983F6} = {564D3140-72AD-3602-AF50-1368B56983F6}
	EndProjectSection
EndProject
Project("{8BC9CEB8-8B4A-11D0-8D11-00A0C91BC942}") = "title", "external\glfw-3.1.2\tests\title.vcxproj", "{1A70F0CB-976D-3CC4-8E91-1590CE503C95}"
	ProjectSection(ProjectDependencies) = postProject
		{D2B74FD7-433E-37EB-8F60-6D6934A14EA0} = {D2B74FD7-433E-37EB-8F60-6D6934A14EA0}
		{564D3140-72AD-3602-AF50-1368B56983F6} = {564D3140-72AD-3602-AF50-1368B56983F6}
	EndProjectSection
EndProject
Project("{8BC9CEB8-8B4A-11D0-8D11-00A0C91BC942}") = "uninstall", "external\glfw-3.1.2\uninstall.vcxproj", "{FD4F26B1-E22B-387F-AD83-AEFD31B89DD7}"
	ProjectSection(ProjectDependencies) = postProject
		{D2B74FD7-433E-37EB-8F60-6D6934A14EA0} = {D2B74FD7-433E-37EB-8F60-6D6934A14EA0}
	EndProjectSection
EndProject
Project("{8BC9CEB8-8B4A-11D0-8D11-00A0C91BC942}") = "wave", "external\glfw-3.1.2\examples\wave.vcxproj", "{B2E8C2CE-8639-33D0-91DC-E183DC5EB054}"
	ProjectSection(ProjectDependencies) = postProject
		{D2B74FD7-433E-37EB-8F60-6D6934A14EA0} = {D2B74FD7-433E-37EB-8F60-6D6934A14EA0}
		{564D3140-72AD-3602-AF50-1368B56983F6} = {564D3140-72AD-3602-AF50-1368B56983F6}
	EndProjectSection
EndProject
Project("{8BC9CEB8-8B4A-11D0-8D11-00A0C91BC942}") = "windows", "external\glfw-3.1.2\tests\windows.vcxproj", "{3F43E44B-81D7-3489-97DF-0641B58DF602}"
	ProjectSection(ProjectDependencies) = postProject
		{D2B74FD7-433E-37EB-8F60-6D6934A14EA0} = {D2B74FD7-433E-37EB-8F60-6D6934A14EA0}
		{564D3140-72AD-3602-AF50-1368B56983F6} = {564D3140-72AD-3602-AF50-1368B56983F6}
	EndProjectSection
EndProject
Project("{8BC9CEB8-8B4A-11D0-8D11-00A0C91BC942}") = "zlib", "external\assimp-3.0.1270\contrib\zlib\zlib.vcxproj", "{94B8C484-7A10-3A51-B4DF-D40DF553509A}"
	ProjectSection(ProjectDependencies) = postProject
		{D2B74FD7-433E-37EB-8F60-6D6934A14EA0} = {D2B74FD7-433E-37EB-8F60-6D6934A14EA0}
	EndProjectSection
EndProject
Global
	GlobalSection(SolutionConfigurationPlatforms) = preSolution
		Debug|x64 = Debug|x64
		Release|x64 = Release|x64
		MinSizeRel|x64 = MinSizeRel|x64
		RelWithDebInfo|x64 = RelWithDebInfo|x64
	EndGlobalSection
	GlobalSection(ProjectConfigurationPlatforms) = postSolution
		{31AD018A-EDAF-3C61-BC52-564FB983732D}.Debug|x64.ActiveCfg = Debug|x64
		{31AD018A-EDAF-3C61-BC52-564FB983732D}.Debug|x64.Build.0 = Debug|x64
		{31AD018A-EDAF-3C61-BC52-564FB983732D}.Release|x64.ActiveCfg = Release|x64
		{31AD018A-EDAF-3C61-BC52-564FB983732D}.Release|x64.Build.0 = Release|x64
		{31AD018A-EDAF-3C61-BC52-564FB983732D}.MinSizeRel|x64.ActiveCfg = MinSizeRel|x64
		{31AD018A-EDAF-3C61-BC52-564FB983732D}.MinSizeRel|x64.Build.0 = MinSizeRel|x64
		{31AD018A-EDAF-3C61-BC52-564FB983732D}.RelWithDebInfo|x64.ActiveCfg = RelWithDebInfo|x64
		{31AD018A-EDAF-3C61-BC52-564FB983732D}.RelWithDebInfo|x64.Build.0 = RelWithDebInfo|x64
		{83EAD5EE-A1DF-3D71-8F05-DD076C524071}.Debug|x64.ActiveCfg = Debug|x64
		{83EAD5EE-A1DF-3D71-8F05-DD076C524071}.Debug|x64.Build.0 = Debug|x64
		{83EAD5EE-A1DF-3D71-8F05-DD076C524071}.Release|x64.ActiveCfg = Release|x64
		{83EAD5EE-A1DF-3D71-8F05-DD076C524071}.Release|x64.Build.0 = Release|x64
		{83EAD5EE-A1DF-3D71-8F05-DD076C524071}.MinSizeRel|x64.ActiveCfg = MinSizeRel|x64
		{83EAD5EE-A1DF-3D71-8F05-DD076C524071}.MinSizeRel|x64.Build.0 = MinSizeRel|x64
		{83EAD5EE-A1DF-3D71-8F05-DD076C524071}.RelWithDebInfo|x64.ActiveCfg = RelWithDebInfo|x64
		{83EAD5EE-A1DF-3D71-8F05-DD076C524071}.RelWithDebInfo|x64.Build.0 = RelWithDebInfo|x64
		{6E829241-1421-3D92-A7FA-24FAA065D1A2}.Debug|x64.ActiveCfg = Debug|x64
		{6E829241-1421-3D92-A7FA-24FAA065D1A2}.Debug|x64.Build.0 = Debug|x64
		{6E829241-1421-3D92-A7FA-24FAA065D1A2}.Release|x64.ActiveCfg = Release|x64
		{6E829241-1421-3D92-A7FA-24FAA065D1A2}.Release|x64.Build.0 = Release|x64
		{6E829241-1421-3D92-A7FA-24FAA065D1A2}.MinSizeRel|x64.ActiveCfg = MinSizeRel|x64
		{6E829241-1421-3D92-A7FA-24FAA065D1A2}.MinSizeRel|x64.Build.0 = MinSizeRel|x64
		{6E829241-1421-3D92-A7FA-24FAA065D1A2}.RelWithDebInfo|x64.ActiveCfg = RelWithDebInfo|x64
		{6E829241-1421-3D92-A7FA-24FAA065D1A2}.RelWithDebInfo|x64.Build.0 = RelWithDebInfo|x64
		{D1A580FF-20B5-3D02-9491-2A04EE42D29D}.Debug|x64.ActiveCfg = Debug|x64
		{D1A580FF-20B5-3D02-9491-2A04EE42D29D}.Debug|x64.Build.0 = Debug|x64
		{D1A580FF-20B5-3D02-9491-2A04EE42D29D}.Release|x64.ActiveCfg = Release|x64
		{D1A580FF-20B5-3D02-9491-2A04EE42D29D}.Release|x64.Build.0 = Release|x64
		{D1A580FF-20B5-3D02-9491-2A04EE42D29D}.MinSizeRel|x64.ActiveCfg = MinSizeRel|x64
		{D1A580FF-20B5-3D02-9491-2A04EE42D29D}.MinSizeRel|x64.Build.0 = MinSizeRel|x64
		{D1A580FF-20B5-3D02-9491-2A04EE42D29D}.RelWithDebInfo|x64.ActiveCfg = RelWithDebInfo|x64
		{D1A580FF-20B5-3D02-9491-2A04EE42D29D}.RelWithDebInfo|x64.Build.0 = RelWithDebInfo|x64
		{7A57F1EA-829B-31E6-B17E-2317B0A7A810}.Debug|x64.ActiveCfg = Debug|x64
		{7A57F1EA-829B-31E6-B17E-2317B0A7A810}.Debug|x64.Build.0 = Debug|x64
		{7A57F1EA-829B-31E6-B17E-2317B0A7A810}.Release|x64.ActiveCfg = Release|x64
		{7A57F1EA-829B-31E6-B17E-2317B0A7A810}.Release|x64.Build.0 = Release|x64
		{7A57F1EA-829B-31E6-B17E-2317B0A7A810}.MinSizeRel|x64.ActiveCfg = MinSizeRel|x64
		{7A57F1EA-829B-31E6-B17E-2317B0A7A810}.MinSizeRel|x64.Build.0 = MinSizeRel|x64
		{7A57F1EA-829B-31E6-B17E-2317B0A7A810}.RelWithDebInfo|x64.ActiveCfg = RelWithDebInfo|x64
		{7A57F1EA-829B-31E6-B17E-2317B0A7A810}.RelWithDebInfo|x64.Build.0 = RelWithDebInfo|x64
		{CE420558-50D1-36C2-BE5B-FB234E048F28}.Debug|x64.ActiveCfg = Debug|x64
		{CE420558-50D1-36C2-BE5B-FB234E048F28}.Debug|x64.Build.0 = Debug|x64
		{CE420558-50D1-36C2-BE5B-FB234E048F28}.Release|x64.ActiveCfg = Release|x64
		{CE420558-50D1-36C2-BE5B-FB234E048F28}.Release|x64.Build.0 = Release|x64
		{CE420558-50D1-36C2-BE5B-FB234E048F28}.MinSizeRel|x64.ActiveCfg = MinSizeRel|x64
		{CE420558-50D1-36C2-BE5B-FB234E048F28}.MinSizeRel|x64.Build.0 = MinSizeRel|x64
		{CE420558-50D1-36C2-BE5B-FB234E048F28}.RelWithDebInfo|x64.ActiveCfg = RelWithDebInfo|x64
		{CE420558-50D1-36C2-BE5B-FB234E048F28}.RelWithDebInfo|x64.Build.0 = RelWithDebInfo|x64
		{A8013CD0-10BB-3611-92C2-BF0764B93501}.Debug|x64.ActiveCfg = Debug|x64
		{A8013CD0-10BB-3611-92C2-BF0764B93501}.Release|x64.ActiveCfg = Release|x64
		{A8013CD0-10BB-3611-92C2-BF0764B93501}.MinSizeRel|x64.ActiveCfg = MinSizeRel|x64
		{A8013CD0-10BB-3611-92C2-BF0764B93501}.RelWithDebInfo|x64.ActiveCfg = RelWithDebInfo|x64
		{08B9B614-A375-30DE-9554-FFF8FC1EFA70}.Debug|x64.ActiveCfg = Debug|x64
		{08B9B614-A375-30DE-9554-FFF8FC1EFA70}.Debug|x64.Build.0 = Debug|x64
		{08B9B614-A375-30DE-9554-FFF8FC1EFA70}.Release|x64.ActiveCfg = Release|x64
		{08B9B614-A375-30DE-9554-FFF8FC1EFA70}.Release|x64.Build.0 = Release|x64
		{08B9B614-A375-30DE-9554-FFF8FC1EFA70}.MinSizeRel|x64.ActiveCfg = MinSizeRel|x64
		{08B9B614-A375-30DE-9554-FFF8FC1EFA70}.MinSizeRel|x64.Build.0 = MinSizeRel|x64
		{08B9B614-A375-30DE-9554-FFF8FC1EFA70}.RelWithDebInfo|x64.ActiveCfg = RelWithDebInfo|x64
		{08B9B614-A375-30DE-9554-FFF8FC1EFA70}.RelWithDebInfo|x64.Build.0 = RelWithDebInfo|x64
		{707B9877-C111-3DB2-A706-8DDEF23E40BC}.Debug|x64.ActiveCfg = Debug|x64
		{707B9877-C111-3DB2-A706-8DDEF23E40BC}.Release|x64.ActiveCfg = Release|x64
		{707B9877-C111-3DB2-A706-8DDEF23E40BC}.MinSizeRel|x64.ActiveCfg = MinSizeRel|x64
		{707B9877-C111-3DB2-A706-8DDEF23E40BC}.RelWithDebInfo|x64.ActiveCfg = RelWithDebInfo|x64
		{D2B74FD7-433E-37EB-8F60-6D6934A14EA0}.Debug|x64.ActiveCfg = Debug|x64
		{D2B74FD7-433E-37EB-8F60-6D6934A14EA0}.Debug|x64.Build.0 = Debug|x64
		{D2B74FD7-433E-37EB-8F60-6D6934A14EA0}.Release|x64.ActiveCfg = Release|x64
		{D2B74FD7-433E-37EB-8F60-6D6934A14EA0}.Release|x64.Build.0 = Release|x64
		{D2B74FD7-433E-37EB-8F60-6D6934A14EA0}.MinSizeRel|x64.ActiveCfg = MinSizeRel|x64
		{D2B74FD7-433E-37EB-8F60-6D6934A14EA0}.MinSizeRel|x64.Build.0 = MinSizeRel|x64
		{D2B74FD7-433E-37EB-8F60-6D6934A14EA0}.RelWithDebInfo|x64.ActiveCfg = RelWithDebInfo|x64
		{D2B74FD7-433E-37EB-8F60-6D6934A14EA0}.RelWithDebInfo|x64.Build.0 = RelWithDebInfo|x64
		{ED47F33A-4F4B-35D0-A2FA-1D81A398D94F}.Debug|x64.ActiveCfg = Debug|x64
		{ED47F33A-4F4B-35D0-A2FA-1D81A398D94F}.Debug|x64.Build.0 = Debug|x64
		{ED47F33A-4F4B-35D0-A2FA-1D81A398D94F}.Release|x64.ActiveCfg = Release|x64
		{ED47F33A-4F4B-35D0-A2FA-1D81A398D94F}.Release|x64.Build.0 = Release|x64
		{ED47F33A-4F4B-35D0-A2FA-1D81A398D94F}.MinSizeRel|x64.ActiveCfg = MinSizeRel|x64
		{ED47F33A-4F4B-35D0-A2FA-1D81A398D94F}.MinSizeRel|x64.Build.0 = MinSizeRel|x64
		{ED47F33A-4F4B-35D0-A2FA-1D81A398D94F}.RelWithDebInfo|x64.ActiveCfg = RelWithDebInfo|x64
		{ED47F33A-4F4B-35D0-A2FA-1D81A398D94F}.RelWithDebInfo|x64.Build.0 = RelWithDebInfo|x64
		{2462C790-4453-3F9E-BB31-5793D4EE6B13}.Debug|x64.ActiveCfg = Debug|x64
		{2462C790-4453-3F9E-BB31-5793D4EE6B13}.Debug|x64.Build.0 = Debug|x64
		{2462C790-4453-3F9E-BB31-5793D4EE6B13}.Release|x64.ActiveCfg = Release|x64
		{2462C790-4453-3F9E-BB31-5793D4EE6B13}.Release|x64.Build.0 = Release|x64
		{2462C790-4453-3F9E-BB31-5793D4EE6B13}.MinSizeRel|x64.ActiveCfg = MinSizeRel|x64
		{2462C790-4453-3F9E-BB31-5793D4EE6B13}.MinSizeRel|x64.Build.0 = MinSizeRel|x64
		{2462C790-4453-3F9E-BB31-5793D4EE6B13}.RelWithDebInfo|x64.ActiveCfg = RelWithDebInfo|x64
		{2462C790-4453-3F9E-BB31-5793D4EE6B13}.RelWithDebInfo|x64.Build.0 = RelWithDebInfo|x64
		{DC9246D7-C5E9-3533-A4A6-AB761BFDDDCD}.Debug|x64.ActiveCfg = Debug|x64
		{DC9246D7-C5E9-3533-A4A6-AB761BFDDDCD}.Debug|x64.Build.0 = Debug|x64
		{DC9246D7-C5E9-3533-A4A6-AB761BFDDDCD}.Release|x64.ActiveCfg = Release|x64
		{DC9246D7-C5E9-3533-A4A6-AB761BFDDDCD}.Release|x64.Build.0 = Release|x64
		{DC9246D7-C5E9-3533-A4A6-AB761BFDDDCD}.MinSizeRel|x64.ActiveCfg = MinSizeRel|x64
		{DC9246D7-C5E9-3533-A4A6-AB761BFDDDCD}.MinSizeRel|x64.Build.0 = MinSizeRel|x64
		{DC9246D7-C5E9-3533-A4A6-AB761BFDDDCD}.RelWithDebInfo|x64.ActiveCfg = RelWithDebInfo|x64
		{DC9246D7-C5E9-3533-A4A6-AB761BFDDDCD}.RelWithDebInfo|x64.Build.0 = RelWithDebInfo|x64
		{7896327E-F6B5-3DC0-9EB3-CFAD02795FE9}.Debug|x64.ActiveCfg = Debug|x64
		{7896327E-F6B5-3DC0-9EB3-CFAD02795FE9}.Debug|x64.Build.0 = Debug|x64
		{7896327E-F6B5-3DC0-9EB3-CFAD02795FE9}.Release|x64.ActiveCfg = Release|x64
		{7896327E-F6B5-3DC0-9EB3-CFAD02795FE9}.Release|x64.Build.0 = Release|x64
		{7896327E-F6B5-3DC0-9EB3-CFAD02795FE9}.MinSizeRel|x64.ActiveCfg = MinSizeRel|x64
		{7896327E-F6B5-3DC0-9EB3-CFAD02795FE9}.MinSizeRel|x64.Build.0 = MinSizeRel|x64
		{7896327E-F6B5-3DC0-9EB3-CFAD02795FE9}.RelWithDebInfo|x64.ActiveCfg = RelWithDebInfo|x64
		{7896327E-F6B5-3DC0-9EB3-CFAD02795FE9}.RelWithDebInfo|x64.Build.0 = RelWithDebInfo|x64
		{8DD81748-C514-302F-B58D-AB660F910FFA}.Debug|x64.ActiveCfg = Debug|x64
		{8DD81748-C514-302F-B58D-AB660F910FFA}.Debug|x64.Build.0 = Debug|x64
		{8DD81748-C514-302F-B58D-AB660F910FFA}.Release|x64.ActiveCfg = Release|x64
		{8DD81748-C514-302F-B58D-AB660F910FFA}.Release|x64.Build.0 = Release|x64
		{8DD81748-C514-302F-B58D-AB660F910FFA}.MinSizeRel|x64.ActiveCfg = MinSizeRel|x64
		{8DD81748-C514-302F-B58D-AB660F910FFA}.MinSizeRel|x64.Build.0 = MinSizeRel|x64
		{8DD81748-C514-302F-B58D-AB660F910FFA}.RelWithDebInfo|x64.ActiveCfg = RelWithDebInfo|x64
		{8DD81748-C514-302F-B58D-AB660F910FFA}.RelWithDebInfo|x64.Build.0 = RelWithDebInfo|x64
		{134CB4C5-9806-3CFE-8CE6-F717617998A4}.Debug|x64.ActiveCfg = Debug|x64
		{134CB4C5-9806-3CFE-8CE6-F717617998A4}.Debug|x64.Build.0 = Debug|x64
		{134CB4C5-9806-3CFE-8CE6-F717617998A4}.Release|x64.ActiveCfg = Release|x64
		{134CB4C5-9806-3CFE-8CE6-F717617998A4}.Release|x64.Build.0 = Release|x64
		{134CB4C5-9806-3CFE-8CE6-F717617998A4}.MinSizeRel|x64.ActiveCfg = MinSizeRel|x64
		{134CB4C5-9806-3CFE-8CE6-F717617998A4}.MinSizeRel|x64.Build.0 = MinSizeRel|x64
		{134CB4C5-9806-3CFE-8CE6-F717617998A4}.RelWithDebInfo|x64.ActiveCfg = RelWithDebInfo|x64
		{134CB4C5-9806-3CFE-8CE6-F717617998A4}.RelWithDebInfo|x64.Build.0 = RelWithDebInfo|x64
		{24ED3478-D8D6-3496-8D2C-358122EF8761}.Debug|x64.ActiveCfg = Debug|x64
		{24ED3478-D8D6-3496-8D2C-358122EF8761}.Debug|x64.Build.0 = Debug|x64
		{24ED3478-D8D6-3496-8D2C-358122EF8761}.Release|x64.ActiveCfg = Release|x64
		{24ED3478-D8D6-3496-8D2C-358122EF8761}.Release|x64.Build.0 = Release|x64
		{24ED3478-D8D6-3496-8D2C-358122EF8761}.MinSizeRel|x64.ActiveCfg = MinSizeRel|x64
		{24ED3478-D8D6-3496-8D2C-358122EF8761}.MinSizeRel|x64.Build.0 = MinSizeRel|x64
		{24ED3478-D8D6-3496-8D2C-358122EF8761}.RelWithDebInfo|x64.ActiveCfg = RelWithDebInfo|x64
		{24ED3478-D8D6-3496-8D2C-358122EF8761}.RelWithDebInfo|x64.Build.0 = RelWithDebInfo|x64
		{2D3858FE-391C-3ADF-AC12-E5E834A2E904}.Debug|x64.ActiveCfg = Debug|x64
		{2D3858FE-391C-3ADF-AC12-E5E834A2E904}.Debug|x64.Build.0 = Debug|x64
		{2D3858FE-391C-3ADF-AC12-E5E834A2E904}.Release|x64.ActiveCfg = Release|x64
		{2D3858FE-391C-3ADF-AC12-E5E834A2E904}.Release|x64.Build.0 = Release|x64
		{2D3858FE-391C-3ADF-AC12-E5E834A2E904}.MinSizeRel|x64.ActiveCfg = MinSizeRel|x64
		{2D3858FE-391C-3ADF-AC12-E5E834A2E904}.MinSizeRel|x64.Build.0 = MinSizeRel|x64
		{2D3858FE-391C-3ADF-AC12-E5E834A2E904}.RelWithDebInfo|x64.ActiveCfg = RelWithDebInfo|x64
		{2D3858FE-391C-3ADF-AC12-E5E834A2E904}.RelWithDebInfo|x64.Build.0 = RelWithDebInfo|x64
		{564D3140-72AD-3602-AF50-1368B56983F6}.Debug|x64.ActiveCfg = Debug|x64
		{564D3140-72AD-3602-AF50-1368B56983F6}.Debug|x64.Build.0 = Debug|x64
		{564D3140-72AD-3602-AF50-1368B56983F6}.Release|x64.ActiveCfg = Release|x64
		{564D3140-72AD-3602-AF50-1368B56983F6}.Release|x64.Build.0 = Release|x64
		{564D3140-72AD-3602-AF50-1368B56983F6}.MinSizeRel|x64.ActiveCfg = MinSizeRel|x64
		{564D3140-72AD-3602-AF50-1368B56983F6}.MinSizeRel|x64.Build.0 = MinSizeRel|x64
		{564D3140-72AD-3602-AF50-1368B56983F6}.RelWithDebInfo|x64.ActiveCfg = RelWithDebInfo|x64
		{564D3140-72AD-3602-AF50-1368B56983F6}.RelWithDebInfo|x64.Build.0 = RelWithDebInfo|x64
		{F67E73A7-EEE7-31C0-89DB-9937197A47FD}.Debug|x64.ActiveCfg = Debug|x64
		{F67E73A7-EEE7-31C0-89DB-9937197A47FD}.Debug|x64.Build.0 = Debug|x64
		{F67E73A7-EEE7-31C0-89DB-9937197A47FD}.Release|x64.ActiveCfg = Release|x64
		{F67E73A7-EEE7-31C0-89DB-9937197A47FD}.Release|x64.Build.0 = Release|x64
		{F67E73A7-EEE7-31C0-89DB-9937197A47FD}.MinSizeRel|x64.ActiveCfg = MinSizeRel|x64
		{F67E73A7-EEE7-31C0-89DB-9937197A47FD}.MinSizeRel|x64.Build.0 = MinSizeRel|x64
		{F67E73A7-EEE7-31C0-89DB-9937197A47FD}.RelWithDebInfo|x64.ActiveCfg = RelWithDebInfo|x64
		{F67E73A7-EEE7-31C0-89DB-9937197A47FD}.RelWithDebInfo|x64.Build.0 = RelWithDebInfo|x64
		{0E6EB13C-8E3D-328A-9290-1C175CE22547}.Debug|x64.ActiveCfg = Debug|x64
		{0E6EB13C-8E3D-328A-9290-1C175CE22547}.Debug|x64.Build.0 = Debug|x64
		{0E6EB13C-8E3D-328A-9290-1C175CE22547}.Release|x64.ActiveCfg = Release|x64
		{0E6EB13C-8E3D-328A-9290-1C175CE22547}.Release|x64.Build.0 = Release|x64
		{0E6EB13C-8E3D-328A-9290-1C175CE22547}.MinSizeRel|x64.ActiveCfg = MinSizeRel|x64
		{0E6EB13C-8E3D-328A-9290-1C175CE22547}.MinSizeRel|x64.Build.0 = MinSizeRel|x64
		{0E6EB13C-8E3D-328A-9290-1C175CE22547}.RelWithDebInfo|x64.ActiveCfg = RelWithDebInfo|x64
		{0E6EB13C-8E3D-328A-9290-1C175CE22547}.RelWithDebInfo|x64.Build.0 = RelWithDebInfo|x64
		{3E8CADE6-1ED4-37BE-8417-84BF11BD8728}.Debug|x64.ActiveCfg = Debug|x64
		{3E8CADE6-1ED4-37BE-8417-84BF11BD8728}.Debug|x64.Build.0 = Debug|x64
		{3E8CADE6-1ED4-37BE-8417-84BF11BD8728}.Release|x64.ActiveCfg = Release|x64
		{3E8CADE6-1ED4-37BE-8417-84BF11BD8728}.Release|x64.Build.0 = Release|x64
		{3E8CADE6-1ED4-37BE-8417-84BF11BD8728}.MinSizeRel|x64.ActiveCfg = MinSizeRel|x64
		{3E8CADE6-1ED4-37BE-8417-84BF11BD8728}.MinSizeRel|x64.Build.0 = MinSizeRel|x64
		{3E8CADE6-1ED4-37BE-8417-84BF11BD8728}.RelWithDebInfo|x64.ActiveCfg = RelWithDebInfo|x64
		{3E8CADE6-1ED4-37BE-8417-84BF11BD8728}.RelWithDebInfo|x64.Build.0 = RelWithDebInfo|x64
		{5FF8280E-FC26-3E4F-ABD9-52FA2716F6B4}.Debug|x64.ActiveCfg = Debug|x64
		{5FF8280E-FC26-3E4F-ABD9-52FA2716F6B4}.Debug|x64.Build.0 = Debug|x64
		{5FF8280E-FC26-3E4F-ABD9-52FA2716F6B4}.Release|x64.ActiveCfg = Release|x64
		{5FF8280E-FC26-3E4F-ABD9-52FA2716F6B4}.Release|x64.Build.0 = Release|x64
		{5FF8280E-FC26-3E4F-ABD9-52FA2716F6B4}.MinSizeRel|x64.ActiveCfg = MinSizeRel|x64
		{5FF8280E-FC26-3E4F-ABD9-52FA2716F6B4}.MinSizeRel|x64.Build.0 = MinSizeRel|x64
		{5FF8280E-FC26-3E4F-ABD9-52FA2716F6B4}.RelWithDebInfo|x64.ActiveCfg = RelWithDebInfo|x64
		{5FF8280E-FC26-3E4F-ABD9-52FA2716F6B4}.RelWithDebInfo|x64.Build.0 = RelWithDebInfo|x64
		{3140F181-488D-3F70-A474-D410C772F524}.Debug|x64.ActiveCfg = Debug|x64
		{3140F181-488D-3F70-A474-D410C772F524}.Debug|x64.Build.0 = Debug|x64
		{3140F181-488D-3F70-A474-D410C772F524}.Release|x64.ActiveCfg = Release|x64
		{3140F181-488D-3F70-A474-D410C772F524}.Release|x64.Build.0 = Release|x64
		{3140F181-488D-3F70-A474-D410C772F524}.MinSizeRel|x64.ActiveCfg = MinSizeRel|x64
		{3140F181-488D-3F70-A474-D410C772F524}.MinSizeRel|x64.Build.0 = MinSizeRel|x64
		{3140F181-488D-3F70-A474-D410C772F524}.RelWithDebInfo|x64.ActiveCfg = RelWithDebInfo|x64
		{3140F181-488D-3F70-A474-D410C772F524}.RelWithDebInfo|x64.Build.0 = RelWithDebInfo|x64
		{3E570CD5-7810-35B9-B3F7-7803FAA24D91}.Debug|x64.ActiveCfg = Debug|x64
		{3E570CD5-7810-35B9-B3F7-7803FAA24D91}.Debug|x64.Build.0 = Debug|x64
		{3E570CD5-7810-35B9-B3F7-7803FAA24D91}.Release|x64.ActiveCfg = Release|x64
		{3E570CD5-7810-35B9-B3F7-7803FAA24D91}.Release|x64.Build.0 = Release|x64
		{3E570CD5-7810-35B9-B3F7-7803FAA24D91}.MinSizeRel|x64.ActiveCfg = MinSizeRel|x64
		{3E570CD5-7810-35B9-B3F7-7803FAA24D91}.MinSizeRel|x64.Build.0 = MinSizeRel|x64
		{3E570CD5-7810-35B9-B3F7-7803FAA24D91}.RelWithDebInfo|x64.ActiveCfg = RelWithDebInfo|x64
		{3E570CD5-7810-35B9-B3F7-7803FAA24D91}.RelWithDebInfo|x64.Build.0 = RelWithDebInfo|x64
		{99420EAD-83AC-3581-BED0-0CE78E444DB1}.Debug|x64.ActiveCfg = Debug|x64
		{99420EAD-83AC-3581-BED0-0CE78E444DB1}.Debug|x64.Build.0 = Debug|x64
		{99420EAD-83AC-3581-BED0-0CE78E444DB1}.Release|x64.ActiveCfg = Release|x64
		{99420EAD-83AC-3581-BED0-0CE78E444DB1}.Release|x64.Build.0 = Release|x64
		{99420EAD-83AC-3581-BED0-0CE78E444DB1}.MinSizeRel|x64.ActiveCfg = MinSizeRel|x64
		{99420EAD-83AC-3581-BED0-0CE78E444DB1}.MinSizeRel|x64.Build.0 = MinSizeRel|x64
		{99420EAD-83AC-3581-BED0-0CE78E444DB1}.RelWithDebInfo|x64.ActiveCfg = RelWithDebInfo|x64
		{99420EAD-83AC-3581-BED0-0CE78E444DB1}.RelWithDebInfo|x64.Build.0 = RelWithDebInfo|x64
		{C4E28DC4-C2AA-390B-812D-B71487430AC2}.Debug|x64.ActiveCfg = Debug|x64
		{C4E28DC4-C2AA-390B-812D-B71487430AC2}.Debug|x64.Build.0 = Debug|x64
		{C4E28DC4-C2AA-390B-812D-B71487430AC2}.Release|x64.ActiveCfg = Release|x64
		{C4E28DC4-C2AA-390B-812D-B71487430AC2}.Release|x64.Build.0 = Release|x64
		{C4E28DC4-C2AA-390B-812D-B71487430AC2}.MinSizeRel|x64.ActiveCfg = MinSizeRel|x64
		{C4E28DC4-C2AA-390B-812D-B71487430AC2}.MinSizeRel|x64.Build.0 = MinSizeRel|x64
		{C4E28DC4-C2AA-390B-812D-B71487430AC2}.RelWithDebInfo|x64.ActiveCfg = RelWithDebInfo|x64
		{C4E28DC4-C2AA-390B-812D-B71487430AC2}.RelWithDebInfo|x64.Build.0 = RelWithDebInfo|x64
		{967041A0-0E48-3A87-90D4-89C86D013FED}.Debug|x64.ActiveCfg = Debug|x64
		{967041A0-0E48-3A87-90D4-89C86D013FED}.Debug|x64.Build.0 = Debug|x64
		{967041A0-0E48-3A87-90D4-89C86D013FED}.Release|x64.ActiveCfg = Release|x64
		{967041A0-0E48-3A87-90D4-89C86D013FED}.Release|x64.Build.0 = Release|x64
		{967041A0-0E48-3A87-90D4-89C86D013FED}.MinSizeRel|x64.ActiveCfg = MinSizeRel|x64
		{967041A0-0E48-3A87-90D4-89C86D013FED}.MinSizeRel|x64.Build.0 = MinSizeRel|x64
		{967041A0-0E48-3A87-90D4-89C86D013FED}.RelWithDebInfo|x64.ActiveCfg = RelWithDebInfo|x64
		{967041A0-0E48-3A87-90D4-89C86D013FED}.RelWithDebInfo|x64.Build.0 = RelWithDebInfo|x64
		{306780B4-2E4F-3CCA-AB26-80439BF27F03}.Debug|x64.ActiveCfg = Debug|x64
		{306780B4-2E4F-3CCA-AB26-80439BF27F03}.Debug|x64.Build.0 = Debug|x64
		{306780B4-2E4F-3CCA-AB26-80439BF27F03}.Release|x64.ActiveCfg = Release|x64
		{306780B4-2E4F-3CCA-AB26-80439BF27F03}.Release|x64.Build.0 = Release|x64
		{306780B4-2E4F-3CCA-AB26-80439BF27F03}.MinSizeRel|x64.ActiveCfg = MinSizeRel|x64
		{306780B4-2E4F-3CCA-AB26-80439BF27F03}.MinSizeRel|x64.Build.0 = MinSizeRel|x64
		{306780B4-2E4F-3CCA-AB26-80439BF27F03}.RelWithDebInfo|x64.ActiveCfg = RelWithDebInfo|x64
		{306780B4-2E4F-3CCA-AB26-80439BF27F03}.RelWithDebInfo|x64.Build.0 = RelWithDebInfo|x64
		{6BD3A033-574E-3553-B506-73D3791A53AD}.Debug|x64.ActiveCfg = Debug|x64
		{6BD3A033-574E-3553-B506-73D3791A53AD}.Debug|x64.Build.0 = Debug|x64
		{6BD3A033-574E-3553-B506-73D3791A53AD}.Release|x64.ActiveCfg = Release|x64
		{6BD3A033-574E-3553-B506-73D3791A53AD}.Release|x64.Build.0 = Release|x64
		{6BD3A033-574E-3553-B506-73D3791A53AD}.MinSizeRel|x64.ActiveCfg = MinSizeRel|x64
		{6BD3A033-574E-3553-B506-73D3791A53AD}.MinSizeRel|x64.Build.0 = MinSizeRel|x64
		{6BD3A033-574E-3553-B506-73D3791A53AD}.RelWithDebInfo|x64.ActiveCfg = RelWithDebInfo|x64
		{6BD3A033-574E-3553-B506-73D3791A53AD}.RelWithDebInfo|x64.Build.0 = RelWithDebInfo|x64
		{F2AA965C-C6CD-3476-8F5F-B58BDF12B3F2}.Debug|x64.ActiveCfg = Debug|x64
		{F2AA965C-C6CD-3476-8F5F-B58BDF12B3F2}.Debug|x64.Build.0 = Debug|x64
		{F2AA965C-C6CD-3476-8F5F-B58BDF12B3F2}.Release|x64.ActiveCfg = Release|x64
		{F2AA965C-C6CD-3476-8F5F-B58BDF12B3F2}.Release|x64.Build.0 = Release|x64
		{F2AA965C-C6CD-3476-8F5F-B58BDF12B3F2}.MinSizeRel|x64.ActiveCfg = MinSizeRel|x64
		{F2AA965C-C6CD-3476-8F5F-B58BDF12B3F2}.MinSizeRel|x64.Build.0 = MinSizeRel|x64
		{F2AA965C-C6CD-3476-8F5F-B58BDF12B3F2}.RelWithDebInfo|x64.ActiveCfg = RelWithDebInfo|x64
		{F2AA965C-C6CD-3476-8F5F-B58BDF12B3F2}.RelWithDebInfo|x64.Build.0 = RelWithDebInfo|x64
		{C949C80E-B25B-3727-BA6B-2DC9FD3A6460}.Debug|x64.ActiveCfg = Debug|x64
		{C949C80E-B25B-3727-BA6B-2DC9FD3A6460}.Debug|x64.Build.0 = Debug|x64
		{C949C80E-B25B-3727-BA6B-2DC9FD3A6460}.Release|x64.ActiveCfg = Release|x64
		{C949C80E-B25B-3727-BA6B-2DC9FD3A6460}.Release|x64.Build.0 = Release|x64
		{C949C80E-B25B-3727-BA6B-2DC9FD3A6460}.MinSizeRel|x64.ActiveCfg = MinSizeRel|x64
		{C949C80E-B25B-3727-BA6B-2DC9FD3A6460}.MinSizeRel|x64.Build.0 = MinSizeRel|x64
		{C949C80E-B25B-3727-BA6B-2DC9FD3A6460}.RelWithDebInfo|x64.ActiveCfg = RelWithDebInfo|x64
		{C949C80E-B25B-3727-BA6B-2DC9FD3A6460}.RelWithDebInfo|x64.Build.0 = RelWithDebInfo|x64
		{4D525B13-E102-3B07-B73D-1E1DEE66C778}.Debug|x64.ActiveCfg = Debug|x64
		{4D525B13-E102-3B07-B73D-1E1DEE66C778}.Debug|x64.Build.0 = Debug|x64
		{4D525B13-E102-3B07-B73D-1E1DEE66C778}.Release|x64.ActiveCfg = Release|x64
		{4D525B13-E102-3B07-B73D-1E1DEE66C778}.Release|x64.Build.0 = Release|x64
		{4D525B13-E102-3B07-B73D-1E1DEE66C778}.MinSizeRel|x64.ActiveCfg = MinSizeRel|x64
		{4D525B13-E102-3B07-B73D-1E1DEE66C778}.MinSizeRel|x64.Build.0 = MinSizeRel|x64
		{4D525B13-E102-3B07-B73D-1E1DEE66C778}.RelWithDebInfo|x64.ActiveCfg = RelWithDebInfo|x64
		{4D525B13-E102-3B07-B73D-1E1DEE66C778}.RelWithDebInfo|x64.Build.0 = RelWithDebInfo|x64
		{C165BE17-E7EA-360F-B35E-ED8AD8C5CC59}.Debug|x64.ActiveCfg = Debug|x64
		{C165BE17-E7EA-360F-B35E-ED8AD8C5CC59}.Debug|x64.Build.0 = Debug|x64
		{C165BE17-E7EA-360F-B35E-ED8AD8C5CC59}.Release|x64.ActiveCfg = Release|x64
		{C165BE17-E7EA-360F-B35E-ED8AD8C5CC59}.Release|x64.Build.0 = Release|x64
		{C165BE17-E7EA-360F-B35E-ED8AD8C5CC59}.MinSizeRel|x64.ActiveCfg = MinSizeRel|x64
		{C165BE17-E7EA-360F-B35E-ED8AD8C5CC59}.MinSizeRel|x64.Build.0 = MinSizeRel|x64
		{C165BE17-E7EA-360F-B35E-ED8AD8C5CC59}.RelWithDebInfo|x64.ActiveCfg = RelWithDebInfo|x64
		{C165BE17-E7EA-360F-B35E-ED8AD8C5CC59}.RelWithDebInfo|x64.Build.0 = RelWithDebInfo|x64
		{3C2E98AB-A058-30F3-B9F2-5FDE21F1FDA5}.Debug|x64.ActiveCfg = Debug|x64
		{3C2E98AB-A058-30F3-B9F2-5FDE21F1FDA5}.Debug|x64.Build.0 = Debug|x64
		{3C2E98AB-A058-30F3-B9F2-5FDE21F1FDA5}.Release|x64.ActiveCfg = Release|x64
		{3C2E98AB-A058-30F3-B9F2-5FDE21F1FDA5}.Release|x64.Build.0 = Release|x64
		{3C2E98AB-A058-30F3-B9F2-5FDE21F1FDA5}.MinSizeRel|x64.ActiveCfg = MinSizeRel|x64
		{3C2E98AB-A058-30F3-B9F2-5FDE21F1FDA5}.MinSizeRel|x64.Build.0 = MinSizeRel|x64
		{3C2E98AB-A058-30F3-B9F2-5FDE21F1FDA5}.RelWithDebInfo|x64.ActiveCfg = RelWithDebInfo|x64
		{3C2E98AB-A058-30F3-B9F2-5FDE21F1FDA5}.RelWithDebInfo|x64.Build.0 = RelWithDebInfo|x64
		{0B4864A4-AD3C-3B36-B5D0-BBD3F0DAA2FD}.Debug|x64.ActiveCfg = Debug|x64
		{0B4864A4-AD3C-3B36-B5D0-BBD3F0DAA2FD}.Debug|x64.Build.0 = Debug|x64
		{0B4864A4-AD3C-3B36-B5D0-BBD3F0DAA2FD}.Release|x64.ActiveCfg = Release|x64
		{0B4864A4-AD3C-3B36-B5D0-BBD3F0DAA2FD}.Release|x64.Build.0 = Release|x64
		{0B4864A4-AD3C-3B36-B5D0-BBD3F0DAA2FD}.MinSizeRel|x64.ActiveCfg = MinSizeRel|x64
		{0B4864A4-AD3C-3B36-B5D0-BBD3F0DAA2FD}.MinSizeRel|x64.Build.0 = MinSizeRel|x64
		{0B4864A4-AD3C-3B36-B5D0-BBD3F0DAA2FD}.RelWithDebInfo|x64.ActiveCfg = RelWithDebInfo|x64
		{0B4864A4-AD3C-3B36-B5D0-BBD3F0DAA2FD}.RelWithDebInfo|x64.Build.0 = RelWithDebInfo|x64
		{1A70F0CB-976D-3CC4-8E91-1590CE503C95}.Debug|x64.ActiveCfg = Debug|x64
		{1A70F0CB-976D-3CC4-8E91-1590CE503C95}.Debug|x64.Build.0 = Debug|x64
		{1A70F0CB-976D-3CC4-8E91-1590CE503C95}.Release|x64.ActiveCfg = Release|x64
		{1A70F0CB-976D-3CC4-8E91-1590CE503C95}.Release|x64.Build.0 = Release|x64
		{1A70F0CB-976D-3CC4-8E91-1590CE503C95}.MinSizeRel|x64.ActiveCfg = MinSizeRel|x64
		{1A70F0CB-976D-3CC4-8E91-1590CE503C95}.MinSizeRel|x64.Build.0 = MinSizeRel|x64
		{1A70F0CB-976D-3CC4-8E91-1590CE503C95}.RelWithDebInfo|x64.ActiveCfg = RelWithDebInfo|x64
		{1A70F0CB-976D-3CC4-8E91-1590CE503C95}.RelWithDebInfo|x64.Build.0 = RelWithDebInfo|x64
		{FD4F26B1-E22B-387F-AD83-AEFD31B89DD7}.Debug|x64.ActiveCfg = Debug|x64
		{FD4F26B1-E22B-387F-AD83-AEFD31B89DD7}.Release|x64.ActiveCfg = Release|x64
		{FD4F26B1-E22B-387F-AD83-AEFD31B89DD7}.MinSizeRel|x64.ActiveCfg = MinSizeRel|x64
		{FD4F26B1-E22B-387F-AD83-AEFD31B89DD7}.RelWithDebInfo|x64.ActiveCfg = RelWithDebInfo|x64
		{B2E8C2CE-8639-33D0-91DC-E183DC5EB054}.Debug|x64.ActiveCfg = Debug|x64
		{B2E8C2CE-8639-33D0-91DC-E183DC5EB054}.Debug|x64.Build.0 = Debug|x64
		{B2E8C2CE-8639-33D0-91DC-E183DC5EB054}.Release|x64.ActiveCfg = Release|x64
		{B2E8C2CE-8639-33D0-91DC-E183DC5EB054}.Release|x64.Build.0 = Release|x64
		{B2E8C2CE-8639-33D0-91DC-E183DC5EB054}.MinSizeRel|x64.ActiveCfg = MinSizeRel|x64
		{B2E8C2CE-8639-33D0-91DC-E183DC5EB054}.MinSizeRel|x64.Build.0 = MinSizeRel|x64
		{B2E8C2CE-8639-33D0-91DC-E183DC5EB054}.RelWithDebInfo|x64.ActiveCfg = RelWithDebInfo|x64
		{B2E8C2CE-8639-33D0-91DC-E183DC5EB054}.RelWithDebInfo|x64.Build.0 = RelWithDebInfo|x64
		{3F43E44B-81D7-3489-97DF-0641B58DF602}.Debug|x64.ActiveCfg = Debug|x64
		{3F43E44B-81D7-3489-97DF-0641B58DF602}.Debug|x64.Build.0 = Debug|x64
		{3F43E44B-81D7-3489-97DF-0641B58DF602}.Release|x64.ActiveCfg = Release|x64
		{3F43E44B-81D7-3489-97DF-0641B58DF602}.Release|x64.Build.0 = Release|x64
		{3F43E44B-81D7-3489-97DF-0641B58DF602}.MinSizeRel|x64.ActiveCfg = MinSizeRel|x64
		{3F43E44B-81D7-3489-97DF-0641B58DF602}.MinSizeRel|x64.Build.0 = MinSizeRel|x64
		{3F43E44B-81D7-3489-97DF-0641B58DF602}.RelWithDebInfo|x64.ActiveCfg = RelWithDebInfo|x64
		{3F43E44B-81D7-3489-97DF-0641B58DF602}.RelWithDebInfo|x64.Build.0 = RelWithDebInfo|x64
		{94B8C484-7A10-3A51-B4DF-D40DF553509A}.Debug|x64.ActiveCfg = Debug|x64
		{94B8C484-7A10-3A51-B4DF-D40DF553509A}.Debug|x64.Build.0 = Debug|x64
		{94B8C484-7A10-3A51-B4DF-D40DF553509A}.Release|x64.ActiveCfg = Release|x64
		{94B8C484-7A10-3A51-B4DF-D40DF553509A}.Release|x64.Build.0 = Release|x64
		{94B8C484-7A10-3A51-B4DF-D40DF553509A}.MinSizeRel|x64.ActiveCfg = MinSizeRel|x64
		{94B8C484-7A10-3A51-B4DF-D40DF553509A}.MinSizeRel|x64.Build.0 = MinSizeRel|x64
		{94B8C484-7A10-3A51-B4DF-D40DF553509A}.RelWithDebInfo|x64.ActiveCfg = RelWithDebInfo|x64
		{94B8C484-7A10-3A51-B4DF-D40DF553509A}.RelWithDebInfo|x64.Build.0 = RelWithDebInfo|x64
	EndGlobalSection
	GlobalSection(NestedProjects) = preSolution
		{31AD018A-EDAF-3C61-BC52-564FB983732D} = {042C9C7C-ADEA-3D69-987D-FEA1B43A2772}
		{A8013CD0-10BB-3611-92C2-BF0764B93501} = {042C9C7C-ADEA-3D69-987D-FEA1B43A2772}
		{707B9877-C111-3DB2-A706-8DDEF23E40BC} = {042C9C7C-ADEA-3D69-987D-FEA1B43A2772}
		{D2B74FD7-433E-37EB-8F60-6D6934A14EA0} = {042C9C7C-ADEA-3D69-987D-FEA1B43A2772}
		{22401C28-E3E0-3758-875A-DF331DD63CEE} = {C9829106-E77B-31DE-B23E-E4D6D9E95B47}
		{C4E5A65A-E056-3A9D-90EE-A7A06A6A1B21} = {C9829106-E77B-31DE-B23E-E4D6D9E95B47}
		{564D3140-72AD-3602-AF50-1368B56983F6} = {C9829106-E77B-31DE-B23E-E4D6D9E95B47}
		{2462C790-4453-3F9E-BB31-5793D4EE6B13} = {22401C28-E3E0-3758-875A-DF331DD63CEE}
		{2D3858FE-391C-3ADF-AC12-E5E834A2E904} = {22401C28-E3E0-3758-875A-DF331DD63CEE}
		{5FF8280E-FC26-3E4F-ABD9-52FA2716F6B4} = {22401C28-E3E0-3758-875A-DF331DD63CEE}
		{6BD3A033-574E-3553-B506-73D3791A53AD} = {22401C28-E3E0-3758-875A-DF331DD63CEE}
		{4D525B13-E102-3B07-B73D-1E1DEE66C778} = {22401C28-E3E0-3758-875A-DF331DD63CEE}
		{C165BE17-E7EA-360F-B35E-ED8AD8C5CC59} = {22401C28-E3E0-3758-875A-DF331DD63CEE}
		{B2E8C2CE-8639-33D0-91DC-E183DC5EB054} = {22401C28-E3E0-3758-875A-DF331DD63CEE}
		{DC9246D7-C5E9-3533-A4A6-AB761BFDDDCD} = {C4E5A65A-E056-3A9D-90EE-A7A06A6A1B21}
		{7896327E-F6B5-3DC0-9EB3-CFAD02795FE9} = {C4E5A65A-E056-3A9D-90EE-A7A06A6A1B21}
		{8DD81748-C514-302F-B58D-AB660F910FFA} = {C4E5A65A-E056-3A9D-90EE-A7A06A6A1B21}
		{134CB4C5-9806-3CFE-8CE6-F717617998A4} = {C4E5A65A-E056-3A9D-90EE-A7A06A6A1B21}
		{24ED3478-D8D6-3496-8D2C-358122EF8761} = {C4E5A65A-E056-3A9D-90EE-A7A06A6A1B21}
		{F67E73A7-EEE7-31C0-89DB-9937197A47FD} = {C4E5A65A-E056-3A9D-90EE-A7A06A6A1B21}
		{3140F181-488D-3F70-A474-D410C772F524} = {C4E5A65A-E056-3A9D-90EE-A7A06A6A1B21}
		{3E570CD5-7810-35B9-B3F7-7803FAA24D91} = {C4E5A65A-E056-3A9D-90EE-A7A06A6A1B21}
		{967041A0-0E48-3A87-90D4-89C86D013FED} = {C4E5A65A-E056-3A9D-90EE-A7A06A6A1B21}
		{306780B4-2E4F-3CCA-AB26-80439BF27F03} = {C4E5A65A-E056-3A9D-90EE-A7A06A6A1B21}
		{F2AA965C-C6CD-3476-8F5F-B58BDF12B3F2} = {C4E5A65A-E056-3A9D-90EE-A7A06A6A1B21}
		{C949C80E-B25B-3727-BA6B-2DC9FD3A6460} = {C4E5A65A-E056-3A9D-90EE-A7A06A6A1B21}
		{3C2E98AB-A058-30F3-B9F2-5FDE21F1FDA5} = {C4E5A65A-E056-3A9D-90EE-A7A06A6A1B21}
		{0B4864A4-AD3C-3B36-B5D0-BBD3F0DAA2FD} = {C4E5A65A-E056-3A9D-90EE-A7A06A6A1B21}
		{1A70F0CB-976D-3CC4-8E91-1590CE503C95} = {C4E5A65A-E056-3A9D-90EE-A7A06A6A1B21}
		{3F43E44B-81D7-3489-97DF-0641B58DF602} = {C4E5A65A-E056-3A9D-90EE-A7A06A6A1B21}
	EndGlobalSection
	GlobalSection(ExtensibilityGlobals) = postSolution
		SolutionGuid = {BD29B6C8-51A0-3D64-AAC4-E85F84338A83}
	EndGlobalSection
	GlobalSection(ExtensibilityAddIns) = postSolution
	EndGlobalSection
EndGlobal
