Microsoft Visual Studio Solution File, Format Version 12.00
# Visual Studio 15
Project("{8BC9CEB8-8B4A-11D0-8D11-00A0C91BC942}") = "ALL_BUILD", "ALL_BUILD.vcxproj", "{6CC5626F-3B22-36C9-8990-AB40E4EECDF8}"
	ProjectSection(ProjectDependencies) = postProject
		{8ABC5C37-4654-319E-AF13-A2230421EEE8} = {8ABC5C37-4654-319E-AF13-A2230421EEE8}
		{ACD66513-C7E5-3782-B000-255D193C901C} = {ACD66513-C7E5-3782-B000-255D193C901C}
	EndProjectSection
EndProject
Project("{8BC9CEB8-8B4A-11D0-8D11-00A0C91BC942}") = "ZERO_CHECK", "ZERO_CHECK.vcxproj", "{8ABC5C37-4654-319E-AF13-A2230421EEE8}"
	ProjectSection(ProjectDependencies) = postProject
	EndProjectSection
EndProject
Project("{8BC9CEB8-8B4A-11D0-8D11-00A0C91BC942}") = "googletest", "googletest.vcxproj", "{ACD66513-C7E5-3782-B000-255D193C901C}"
	ProjectSection(ProjectDependencies) = postProject
		{8ABC5C37-4654-319E-AF13-A2230421EEE8} = {8ABC5C37-4654-319E-AF13-A2230421EEE8}
	EndProjectSection
EndProject
Global
	GlobalSection(SolutionConfigurationPlatforms) = preSolution
		Debug|x64 = Debug|x64
		Release|x64 = Release|x64
		MinSizeRel|x64 = MinSizeRel|x64
		RelWithDebInfo|x64 = RelWithDebInfo|x64
	EndGlobalSection
	GlobalSection(ProjectConfigurationPlatforms) = postSolution
		{6CC5626F-3B22-36C9-8990-AB40E4EECDF8}.Debug|x64.ActiveCfg = Debug|x64
		{6CC5626F-3B22-36C9-8990-AB40E4EECDF8}.Release|x64.ActiveCfg = Release|x64
		{6CC5626F-3B22-36C9-8990-AB40E4EECDF8}.MinSizeRel|x64.ActiveCfg = MinSizeRel|x64
		{6CC5626F-3B22-36C9-8990-AB40E4EECDF8}.RelWithDebInfo|x64.ActiveCfg = RelWithDebInfo|x64
		{8ABC5C37-4654-319E-AF13-A2230421EEE8}.Debug|x64.ActiveCfg = Debug|x64
		{8ABC5C37-4654-319E-AF13-A2230421EEE8}.Debug|x64.Build.0 = Debug|x64
		{8ABC5C37-4654-319E-AF13-A2230421EEE8}.Release|x64.ActiveCfg = Release|x64
		{8ABC5C37-4654-319E-AF13-A2230421EEE8}.Release|x64.Build.0 = Release|x64
		{8ABC5C37-4654-319E-AF13-A2230421EEE8}.MinSizeRel|x64.ActiveCfg = MinSizeRel|x64
		{8ABC5C37-4654-319E-AF13-A2230421EEE8}.MinSizeRel|x64.Build.0 = MinSizeRel|x64
		{8ABC5C37-4654-319E-AF13-A2230421EEE8}.RelWithDebInfo|x64.ActiveCfg = RelWithDebInfo|x64
		{8ABC5C37-4654-319E-AF13-A2230421EEE8}.RelWithDebInfo|x64.Build.0 = RelWithDebInfo|x64
		{ACD66513-C7E5-3782-B000-255D193C901C}.Debug|x64.ActiveCfg = Debug|x64
		{ACD66513-C7E5-3782-B000-255D193C901C}.Debug|x64.Build.0 = Debug|x64
		{ACD66513-C7E5-3782-B000-255D193C901C}.Release|x64.ActiveCfg = Release|x64
		{ACD66513-C7E5-3782-B000-255D193C901C}.Release|x64.Build.0 = Release|x64
		{ACD66513-C7E5-3782-B000-255D193C901C}.MinSizeRel|x64.ActiveCfg = MinSizeRel|x64
		{ACD66513-C7E5-3782-B000-255D193C901C}.MinSizeRel|x64.Build.0 = MinSizeRel|x64
		{ACD66513-C7E5-3782-B000-255D193C901C}.RelWithDebInfo|x64.ActiveCfg = RelWithDebInfo|x64
		{ACD66513-C7E5-3782-B000-255D193C901C}.RelWithDebInfo|x64.Build.0 = RelWithDebInfo|x64
	EndGlobalSection
	GlobalSection(ExtensibilityGlobals) = postSolution
		SolutionGuid = {7C0F43D5-D5F4-34FB-AB5B-79A2A4471CE0}
	EndGlobalSection
	GlobalSection(ExtensibilityAddIns) = postSolution
	EndGlobalSection
EndGlobal
