<?xml version="1.0" encoding="utf-8"?>
<Project ToolsVersion="15.0" xmlns="http://schemas.microsoft.com/developer/msbuild/2003">
  <ItemGroup>
    <CustomBuild Include="C:\kestrel\googletest-download\CMakeFiles\8c7f4d47467e8b019acd13c0bd49b148\googletest-mkdir.rule">
      <Filter>CMake Rules</Filter>
    </CustomBuild>
    <CustomBuild Include="C:\kestrel\googletest-download\CMakeFiles\8c7f4d47467e8b019acd13c0bd49b148\googletest-download.rule">
      <Filter>CMake Rules</Filter>
    </CustomBuild>
    <CustomBuild Include="C:\kestrel\googletest-download\CMakeFiles\8c7f4d47467e8b019acd13c0bd49b148\googletest-update.rule">
      <Filter>CMake Rules</Filter>
    </CustomBuild>
    <CustomBuild Include="C:\kestrel\googletest-download\CMakeFiles\8c7f4d47467e8b019acd13c0bd49b148\googletest-patch.rule">
      <Filter>CMake Rules</Filter>
    </CustomBuild>
    <CustomBuild Include="C:\kestrel\googletest-download\CMakeFiles\8c7f4d47467e8b019acd13c0bd49b148\googletest-configure.rule">
      <Filter>CMake Rules</Filter>
    </CustomBuild>
    <CustomBuild Include="C:\kestrel\googletest-download\CMakeFiles\8c7f4d47467e8b019acd13c0bd49b148\googletest-build.rule">
      <Filter>CMake Rules</Filter>
    </CustomBuild>
    <CustomBuild Include="C:\kestrel\googletest-download\CMakeFiles\8c7f4d47467e8b019acd13c0bd49b148\googletest-install.rule">
      <Filter>CMake Rules</Filter>
    </CustomBuild>
    <CustomBuild Include="C:\kestrel\googletest-download\CMakeFiles\8c7f4d47467e8b019acd13c0bd49b148\googletest-test.rule">
      <Filter>CMake Rules</Filter>
    </CustomBuild>
    <CustomBuild Include="C:\kestrel\googletest-download\CMakeFiles\82d7c6c410dc7d150f8568fcb393134f\googletest-complete.rule">
      <Filter>CMake Rules</Filter>
    </CustomBuild>
    <CustomBuild Include="C:\kestrel\googletest-download\CMakeFiles\a013eb76a6a22648f179d783bfc50a1e\googletest.rule">
      <Filter>CMake Rules</Filter>
    </CustomBuild>
    <CustomBuild Include="C:\kestrel\googletest-download\CMakeLists.txt" />
  </ItemGroup>
  <ItemGroup>
    <None Include="C:\kestrel\googletest-download\CMakeFiles\googletest" />
  </ItemGroup>
  <ItemGroup>
    <Filter Include="CMake Rules">
      <UniqueIdentifier>{9D03C71F-0736-392C-BF16-C11DF6ECD4A7}</UniqueIdentifier>
    </Filter>
  </ItemGroup>
</Project>
