<?xml version="1.0" encoding="utf-8"?>
<Project ToolsVersion="15.0" xmlns="http://schemas.microsoft.com/developer/msbuild/2003">
  <ItemGroup>
    <CustomBuild Include="C:\kestrel\CMakeFiles\1b2cf0e7de78d6d2efa5698e2d749478\INSTALL_force.rule">
      <Filter>CMake Rules</Filter>
    </CustomBuild>
  </ItemGroup>
  <ItemGroup>
    <Filter Include="CMake Rules">
      <UniqueIdentifier>{E1EA36FA-2C14-3DFF-9A61-220424DBA9FF}</UniqueIdentifier>
    </Filter>
  </ItemGroup>
</Project>
